{
  "version": "5",
  "specifiers": {
    "npm:@jsr/david__dax@~0.43.2": "0.43.2",
    "npm:@jsr/deno__esbuild-plugin@^1.2.1": "1.2.1",
    "npm:@jsr/std__assert@^1.0.16": "1.0.16",
    "npm:@jsr/std__cli@^1.0.24": "1.0.24",
    "npm:@jsr/std__collections@^1.1.3": "1.1.3",
    "npm:@jsr/std__csv@^1.0.6": "1.0.6",
    "npm:@jsr/std__dotenv@~0.225.5": "0.225.5",
    "npm:@jsr/std__encoding@^1.0.10": "1.0.10",
    "npm:@jsr/std__fmt@^1.0.8": "1.0.8",
    "npm:@jsr/std__fs@^1.0.20": "1.0.20",
    "npm:@jsr/std__jsonc@^1.0.2": "1.0.2",
    "npm:@jsr/std__path@^1.1.3": "1.1.3",
    "npm:@jsr/std__regexp@^1.0.1": "1.0.1",
    "npm:@jsr/std__semver@^1.0.7": "1.0.7",
    "npm:@jsr/std__testing@^1.0.16": "1.0.16",
    "npm:@jsr/std__toml@^1.0.11": "1.0.11",
    "npm:@jsr/std__yaml@^1.0.10": "1.0.10",
    "npm:@opentelemetry/api@^1.9.0": "1.9.0",
    "npm:@types/react@^19.2.7": "19.2.7",
    "npm:esbuild@~0.25.12": "0.25.12",
    "npm:octokit@^5.0.5": "5.0.5_@octokit+core@7.0.6",
    "npm:react@^19.2.3": "19.2.3"
  },
  "npm": {
    "@esbuild/aix-ppc64@0.25.12": {
      "integrity": "sha512-Hhmwd6CInZ3dwpuGTF8fJG6yoWmsToE+vYgD4nytZVxcu1ulHpUQRAB1UJ8+N1Am3Mz4+xOByoQoSZf4D+CpkA==",
      "os": ["aix"],
      "cpu": ["ppc64"]
    },
    "@esbuild/android-arm64@0.25.12": {
      "integrity": "sha512-6AAmLG7zwD1Z159jCKPvAxZd4y/VTO0VkprYy+3N2FtJ8+BQWFXU+OxARIwA46c5tdD9SsKGZ/1ocqBS/gAKHg==",
      "os": ["android"],
      "cpu": ["arm64"]
    },
    "@esbuild/android-arm@0.25.12": {
      "integrity": "sha512-VJ+sKvNA/GE7Ccacc9Cha7bpS8nyzVv0jdVgwNDaR4gDMC/2TTRc33Ip8qrNYUcpkOHUT5OZ0bUcNNVZQ9RLlg==",
      "os": ["android"],
      "cpu": ["arm"]
    },
    "@esbuild/android-x64@0.25.12": {
      "integrity": "sha512-5jbb+2hhDHx5phYR2By8GTWEzn6I9UqR11Kwf22iKbNpYrsmRB18aX/9ivc5cabcUiAT/wM+YIZ6SG9QO6a8kg==",
      "os": ["android"],
      "cpu": ["x64"]
    },
    "@esbuild/darwin-arm64@0.25.12": {
      "integrity": "sha512-N3zl+lxHCifgIlcMUP5016ESkeQjLj/959RxxNYIthIg+CQHInujFuXeWbWMgnTo4cp5XVHqFPmpyu9J65C1Yg==",
      "os": ["darwin"],
      "cpu": ["arm64"]
    },
    "@esbuild/darwin-x64@0.25.12": {
      "integrity": "sha512-HQ9ka4Kx21qHXwtlTUVbKJOAnmG1ipXhdWTmNXiPzPfWKpXqASVcWdnf2bnL73wgjNrFXAa3yYvBSd9pzfEIpA==",
      "os": ["darwin"],
      "cpu": ["x64"]
    },
    "@esbuild/freebsd-arm64@0.25.12": {
      "integrity": "sha512-gA0Bx759+7Jve03K1S0vkOu5Lg/85dou3EseOGUes8flVOGxbhDDh/iZaoek11Y8mtyKPGF3vP8XhnkDEAmzeg==",
      "os": ["freebsd"],
      "cpu": ["arm64"]
    },
    "@esbuild/freebsd-x64@0.25.12": {
      "integrity": "sha512-TGbO26Yw2xsHzxtbVFGEXBFH0FRAP7gtcPE7P5yP7wGy7cXK2oO7RyOhL5NLiqTlBh47XhmIUXuGciXEqYFfBQ==",
      "os": ["freebsd"],
      "cpu": ["x64"]
    },
    "@esbuild/linux-arm64@0.25.12": {
      "integrity": "sha512-8bwX7a8FghIgrupcxb4aUmYDLp8pX06rGh5HqDT7bB+8Rdells6mHvrFHHW2JAOPZUbnjUpKTLg6ECyzvas2AQ==",
      "os": ["linux"],
      "cpu": ["arm64"]
    },
    "@esbuild/linux-arm@0.25.12": {
      "integrity": "sha512-lPDGyC1JPDou8kGcywY0YILzWlhhnRjdof3UlcoqYmS9El818LLfJJc3PXXgZHrHCAKs/Z2SeZtDJr5MrkxtOw==",
      "os": ["linux"],
      "cpu": ["arm"]
    },
    "@esbuild/linux-ia32@0.25.12": {
      "integrity": "sha512-0y9KrdVnbMM2/vG8KfU0byhUN+EFCny9+8g202gYqSSVMonbsCfLjUO+rCci7pM0WBEtz+oK/PIwHkzxkyharA==",
      "os": ["linux"],
      "cpu": ["ia32"]
    },
    "@esbuild/linux-loong64@0.25.12": {
      "integrity": "sha512-h///Lr5a9rib/v1GGqXVGzjL4TMvVTv+s1DPoxQdz7l/AYv6LDSxdIwzxkrPW438oUXiDtwM10o9PmwS/6Z0Ng==",
      "os": ["linux"],
      "cpu": ["loong64"]
    },
    "@esbuild/linux-mips64el@0.25.12": {
      "integrity": "sha512-iyRrM1Pzy9GFMDLsXn1iHUm18nhKnNMWscjmp4+hpafcZjrr2WbT//d20xaGljXDBYHqRcl8HnxbX6uaA/eGVw==",
      "os": ["linux"],
      "cpu": ["mips64el"]
    },
    "@esbuild/linux-ppc64@0.25.12": {
      "integrity": "sha512-9meM/lRXxMi5PSUqEXRCtVjEZBGwB7P/D4yT8UG/mwIdze2aV4Vo6U5gD3+RsoHXKkHCfSxZKzmDssVlRj1QQA==",
      "os": ["linux"],
      "cpu": ["ppc64"]
    },
    "@esbuild/linux-riscv64@0.25.12": {
      "integrity": "sha512-Zr7KR4hgKUpWAwb1f3o5ygT04MzqVrGEGXGLnj15YQDJErYu/BGg+wmFlIDOdJp0PmB0lLvxFIOXZgFRrdjR0w==",
      "os": ["linux"],
      "cpu": ["riscv64"]
    },
    "@esbuild/linux-s390x@0.25.12": {
      "integrity": "sha512-MsKncOcgTNvdtiISc/jZs/Zf8d0cl/t3gYWX8J9ubBnVOwlk65UIEEvgBORTiljloIWnBzLs4qhzPkJcitIzIg==",
      "os": ["linux"],
      "cpu": ["s390x"]
    },
    "@esbuild/linux-x64@0.25.12": {
      "integrity": "sha512-uqZMTLr/zR/ed4jIGnwSLkaHmPjOjJvnm6TVVitAa08SLS9Z0VM8wIRx7gWbJB5/J54YuIMInDquWyYvQLZkgw==",
      "os": ["linux"],
      "cpu": ["x64"]
    },
    "@esbuild/netbsd-arm64@0.25.12": {
      "integrity": "sha512-xXwcTq4GhRM7J9A8Gv5boanHhRa/Q9KLVmcyXHCTaM4wKfIpWkdXiMog/KsnxzJ0A1+nD+zoecuzqPmCRyBGjg==",
      "os": ["netbsd"],
      "cpu": ["arm64"]
    },
    "@esbuild/netbsd-x64@0.25.12": {
      "integrity": "sha512-Ld5pTlzPy3YwGec4OuHh1aCVCRvOXdH8DgRjfDy/oumVovmuSzWfnSJg+VtakB9Cm0gxNO9BzWkj6mtO1FMXkQ==",
      "os": ["netbsd"],
      "cpu": ["x64"]
    },
    "@esbuild/openbsd-arm64@0.25.12": {
      "integrity": "sha512-fF96T6KsBo/pkQI950FARU9apGNTSlZGsv1jZBAlcLL1MLjLNIWPBkj5NlSz8aAzYKg+eNqknrUJ24QBybeR5A==",
      "os": ["openbsd"],
      "cpu": ["arm64"]
    },
    "@esbuild/openbsd-x64@0.25.12": {
      "integrity": "sha512-MZyXUkZHjQxUvzK7rN8DJ3SRmrVrke8ZyRusHlP+kuwqTcfWLyqMOE3sScPPyeIXN/mDJIfGXvcMqCgYKekoQw==",
      "os": ["openbsd"],
      "cpu": ["x64"]
    },
    "@esbuild/openharmony-arm64@0.25.12": {
      "integrity": "sha512-rm0YWsqUSRrjncSXGA7Zv78Nbnw4XL6/dzr20cyrQf7ZmRcsovpcRBdhD43Nuk3y7XIoW2OxMVvwuRvk9XdASg==",
      "os": ["openharmony"],
      "cpu": ["arm64"]
    },
    "@esbuild/sunos-x64@0.25.12": {
      "integrity": "sha512-3wGSCDyuTHQUzt0nV7bocDy72r2lI33QL3gkDNGkod22EsYl04sMf0qLb8luNKTOmgF/eDEDP5BFNwoBKH441w==",
      "os": ["sunos"],
      "cpu": ["x64"]
    },
    "@esbuild/win32-arm64@0.25.12": {
      "integrity": "sha512-rMmLrur64A7+DKlnSuwqUdRKyd3UE7oPJZmnljqEptesKM8wx9J8gx5u0+9Pq0fQQW8vqeKebwNXdfOyP+8Bsg==",
      "os": ["win32"],
      "cpu": ["arm64"]
    },
    "@esbuild/win32-ia32@0.25.12": {
      "integrity": "sha512-HkqnmmBoCbCwxUKKNPBixiWDGCpQGVsrQfJoVGYLPT41XWF8lHuE5N6WhVia2n4o5QK5M4tYr21827fNhi4byQ==",
      "os": ["win32"],
      "cpu": ["ia32"]
    },
    "@esbuild/win32-x64@0.25.12": {
      "integrity": "sha512-alJC0uCZpTFrSL0CCDjcgleBXPnCrEAhTBILpeAp7M/OFgoqtAetfBzX0xM00MUsVVPpVjlPuMbREqnZCXaTnA==",
      "os": ["win32"],
      "cpu": ["x64"]
    },
    "@jsr/david__console-static-text@0.3.0": {
      "integrity": "sha512-5IkJzn/i5UBw/3Dxgk5OvcPwAbIrdcOxz52BYKgpmOdAcUUlElkWoC2eVWKf8a1AD2fJWxVj37JQ1BQpxzr/9g==",
      "tarball": "https://npm.jsr.io/~/11/@jsr/david__console-static-text/0.3.0.tgz"
    },
    "@jsr/david__dax@0.43.2": {
      "integrity": "sha512-RVY8x8FbcKRd1rF5FBIgB+c6vbf9c2hss7PsfdNp0Bc5F+duI1oVkgz62Ynfb9NHQ/DKprBXKCi1qfdWOz8kBQ==",
      "dependencies": [
        "@jsr/david__console-static-text",
        "@jsr/david__path",
        "@jsr/david__which",
        "@jsr/std__fmt",
        "@jsr/std__fs",
        "@jsr/std__io",
        "@jsr/std__path"
      ],
      "tarball": "https://npm.jsr.io/~/11/@jsr/david__dax/0.43.2.tgz"
    },
    "@jsr/david__path@0.2.0": {
      "integrity": "sha512-EkTLcM3E5O9biZyKomwn/P/YcvYYYDM60gWijIaACP+mxQz9uR7ThljXAVdmdiXnA8bYKIOH+aD4GV4mgin7LA==",
      "dependencies": [
        "@jsr/std__fs",
        "@jsr/std__path"
      ],
      "tarball": "https://npm.jsr.io/~/11/@jsr/david__path/0.2.0.tgz"
    },
    "@jsr/david__which@0.4.1": {
      "integrity": "sha512-cNHC/eAq33lrp2xIGOjx2OMnK7ad5naUq4HXqIDjSVN8Ak8j8bpfL6WCw4ruacIVe0WqFRFPKLnwrvv7KoLR8Q==",
      "tarball": "https://npm.jsr.io/~/11/@jsr/david__which/0.4.1.tgz"
    },
    "@jsr/deno__esbuild-plugin@1.2.1": {
      "integrity": "sha512-ljbQkxEBRDcGtsFyt69b7dVea5SOb+aqoCtNsemf+bVE52QgLlXRviZzqinmvGlGS68qvgD49G3DGmrXc+eF0w==",
      "dependencies": [
        "@jsr/deno__loader",
        "@jsr/std__path",
        "esbuild"
      ],
      "tarball": "https://npm.jsr.io/~/11/@jsr/deno__esbuild-plugin/1.2.1.tgz"
    },
    "@jsr/deno__loader@0.3.10": {
      "integrity": "sha512-aBonN9jQgZrb7yCZYeqZu59a2bn/VY9m1fZ0zLI+pdc/xY/o1hCdrtblSXKE2ckFPayonLNF4hebJay33UohhQ==",
      "tarball": "https://npm.jsr.io/~/11/@jsr/deno__loader/0.3.10.tgz"
    },
    "@jsr/std__assert@1.0.16": {
      "integrity": "sha512-bX9ih0nR1kQ12/cnQRCQU0ppTCV7MFkP0qjyWxJRoDI8RC5cpTAmLFH/KcFgxmdN4flKkRbub8VtLuyKq+4OxA==",
      "dependencies": [
        "@jsr/std__internal"
      ],
      "tarball": "https://npm.jsr.io/~/11/@jsr/std__assert/1.0.16.tgz"
    },
    "@jsr/std__async@1.0.15": {
      "integrity": "sha512-GW6tMWwF79kKKVths4SWcju1cFykhcE+jiV6/k2IOW45611ji+Yomm0MZuW7JR4Oug+GXF0POrsAiSqL8k/9PQ==",
      "tarball": "https://npm.jsr.io/~/11/@jsr/std__async/1.0.15.tgz"
    },
    "@jsr/std__bytes@1.0.6": {
      "integrity": "sha512-St6yKggjFGhxS52IFLJWvkchRFbAKg2Xh8UxA4S1EGz7GJ2Ui+ssDDldj/w2c8vCxvl6qgR0HaYbKeFJNqujmA==",
      "tarball": "https://npm.jsr.io/~/11/@jsr/std__bytes/1.0.6.tgz"
    },
    "@jsr/std__cli@1.0.24": {
      "integrity": "sha512-lGBHY8KwqhSR3oh2Hk9U7Sy9v76/KZx0OOkiIVTMr8GW2yMrvhJUVTdteNxvKEYT1eKZKWPZl+3WWpC/9oPBeQ==",
      "dependencies": [
        "@jsr/std__internal"
      ],
      "tarball": "https://npm.jsr.io/~/11/@jsr/std__cli/1.0.24.tgz"
    },
    "@jsr/std__collections@1.1.3": {
      "integrity": "sha512-jGG6mv3IjOyxm6PyT1YVbLyAlZL+Gow6LOpBw+84qb1nkdJY0+t6bi7ICEqAwUz87cNjBS0P+yZQ5HHclJhsfw==",
      "tarball": "https://npm.jsr.io/~/11/@jsr/std__collections/1.1.3.tgz"
    },
    "@jsr/std__csv@1.0.6": {
      "integrity": "sha512-9n/SZzjolPQ907gUPksQU3EFURwRl4GA9V6MylA8hpSkpxhcj6J98zDpn9EmDqgE2A4L9MnlUvFhRpeWl+Y/ZQ==",
      "dependencies": [
        "@jsr/std__streams"
      ],
      "tarball": "https://npm.jsr.io/~/11/@jsr/std__csv/1.0.6.tgz"
    },
    "@jsr/std__data-structures@1.0.9": {
      "integrity": "sha512-+mT4Nll6fx+CPNqrlC+huhIOYNSMS+KUdJ4B8NujiQrh/bq++ds5PXpEsfV5EPR+YuWcuDGG0P1DE+Rednd7Wg==",
      "dependencies": [
        "@jsr/std__assert"
      ],
      "tarball": "https://npm.jsr.io/~/11/@jsr/std__data-structures/1.0.9.tgz"
    },
    "@jsr/std__dotenv@0.225.5": {
      "integrity": "sha512-qrBt3wfQgvXbjo+Up6lyzBGxk0IPhDqW9Jx7CJQUQpsxqhoqnBmD8gn0Mt8i+RHHI9uZFCO+FP122ClAC8yljg==",
      "tarball": "https://npm.jsr.io/~/11/@jsr/std__dotenv/0.225.5.tgz"
    },
    "@jsr/std__encoding@1.0.10": {
      "integrity": "sha512-WK2njnDTyKefroRNk2Ooq7GStp6Y0ccAvr4To+Z/zecRAGe7+OSvH9DbiaHpAKwEi2KQbmpWMOYsdNt+TsdmSw==",
      "tarball": "https://npm.jsr.io/~/11/@jsr/std__encoding/1.0.10.tgz"
    },
    "@jsr/std__fmt@1.0.8": {
      "integrity": "sha512-miZHzj9OgjuajrcMKzpqNVwFb9O71UHZzV/FHVq0E0Uwmv/1JqXgmXAoBNPrn+MP0fHT3mMgaZ6XvQO7dam67Q==",
      "tarball": "https://npm.jsr.io/~/11/@jsr/std__fmt/1.0.8.tgz"
    },
    "@jsr/std__fs@1.0.20": {
      "integrity": "sha512-wBw/Y+EfWVgZq6qlqD8M84q0kSuPwLmjnXy97KGfdrkorvzTZCs5AbHElsed/Yi90PuH39tvNhLCHeRGObUwPA==",
      "dependencies": [
        "@jsr/std__internal",
        "@jsr/std__path"
      ],
      "tarball": "https://npm.jsr.io/~/11/@jsr/std__fs/1.0.20.tgz"
    },
    "@jsr/std__internal@1.0.12": {
      "integrity": "sha512-6xReMW9p+paJgqoFRpOE2nogJFvzPfaLHLIlyADYjKMUcwDyjKZxryIbgcU+gxiTygn8yCjld1HoI0ET4/iZeA==",
      "tarball": "https://npm.jsr.io/~/11/@jsr/std__internal/1.0.12.tgz"
    },
    "@jsr/std__io@0.225.2": {
      "integrity": "sha512-QNImMbao6pKXvV4xpFkY2zviZi1r+1KpYzgMqaa2gHDPZhXQqlia/Og+VqMxxfAr8Pw6BF3tw/hSw3LrWWTRmA==",
      "dependencies": [
        "@jsr/std__bytes"
      ],
      "tarball": "https://npm.jsr.io/~/11/@jsr/std__io/0.225.2.tgz"
    },
    "@jsr/std__json@1.0.2": {
      "integrity": "sha512-6d7R77+6NBf/OwA/8pT6uI3UkME+nkdertGjB7ni4J+2izuDu8AjbUH9aRvj8XqU3LQsqqsIRD4a3DvprMQDWA==",
      "dependencies": [
        "@jsr/std__streams"
      ],
      "tarball": "https://npm.jsr.io/~/11/@jsr/std__json/1.0.2.tgz"
    },
    "@jsr/std__jsonc@1.0.2": {
      "integrity": "sha512-Lva9lY0UPvvgmS8INUHU8Tqijq2SPfdlnSAvofOYUBiB6ALPxo0rTMznRlY5Wt30nMW+rhMTha1x5RGpMBKUoQ==",
      "dependencies": [
        "@jsr/std__json"
      ],
      "tarball": "https://npm.jsr.io/~/11/@jsr/std__jsonc/1.0.2.tgz"
    },
    "@jsr/std__path@1.1.3": {
      "integrity": "sha512-7HAc3nOGizbIunNCUQ4mrF7XY/SpAEIlq5pBR0sOzkcLB7520baEqnOmXTFiIUTp/umKE5ArEegMM1F39N51Rg==",
      "dependencies": [
        "@jsr/std__internal"
      ],
      "tarball": "https://npm.jsr.io/~/11/@jsr/std__path/1.1.3.tgz"
    },
    "@jsr/std__regexp@1.0.1": {
      "integrity": "sha512-AnGeP//DHpPvhCWjI5dR4o013JhCQioD8yMF8drD7PWb0X4kvmO35hbZi+NZhfSolz4Ts2cpPzJY+DUpi2XE9A==",
      "tarball": "https://npm.jsr.io/~/11/@jsr/std__regexp/1.0.1.tgz"
    },
    "@jsr/std__semver@1.0.7": {
      "integrity": "sha512-/WpDSNegE6lI50L1+VnItLkuuQlZK8e8QbxrjV1sH+3YqiH+sQ/Tx3yYvewkKVVSwcidQUlqSIHSPrhay1zLCg==",
      "tarball": "https://npm.jsr.io/~/11/@jsr/std__semver/1.0.7.tgz"
    },
    "@jsr/std__streams@1.0.14": {
      "integrity": "sha512-GMVeAQ8jJ0d5hCbqnQRLvA59dpP+fe+ugr1ge3cfEEFUaAh8zGnZuePOWioJ26Mor0925xKag6A6SDEgUDR1XA==",
      "dependencies": [
        "@jsr/std__bytes"
      ],
      "tarball": "https://npm.jsr.io/~/11/@jsr/std__streams/1.0.14.tgz"
    },
    "@jsr/std__testing@1.0.16": {
      "integrity": "sha512-suPk2iMICErQVuRcNj7HweRbFYsBLjqnrI0NgNEXzBAJYv8lA+/87IXMgv/rvyqSABHn3X4ciynFZgpyPCI32A==",
      "dependencies": [
        "@jsr/std__assert",
        "@jsr/std__async",
        "@jsr/std__data-structures",
        "@jsr/std__fs",
        "@jsr/std__internal",
        "@jsr/std__path"
      ],
      "tarball": "https://npm.jsr.io/~/11/@jsr/std__testing/1.0.16.tgz"
    },
    "@jsr/std__toml@1.0.11": {
      "integrity": "sha512-+LZAizoPAPwMDmRZr86/xPrbO8E0Oq0BJ70mr1fNMobJ/6X6v15Jk16ZClFGukWgzBMd8ggiMWnzp24+N3VNZg==",
      "dependencies": [
        "@jsr/std__collections"
      ],
      "tarball": "https://npm.jsr.io/~/11/@jsr/std__toml/1.0.11.tgz"
    },
    "@jsr/std__yaml@1.0.10": {
      "integrity": "sha512-1WIM023Kvi48pvPE3UO5YcieambLgywUooLhAkkaObIcMB77F/YP2ILdl+vNfik+vElkl9znmuST9AZo8mbCpA==",
      "tarball": "https://npm.jsr.io/~/11/@jsr/std__yaml/1.0.10.tgz"
    },
    "@octokit/app@16.1.2_@octokit+core@7.0.6": {
      "integrity": "sha512-8j7sEpUYVj18dxvh0KWj6W/l6uAiVRBl1JBDVRqH1VHKAO/G5eRVl4yEoYACjakWers1DjUkcCHyJNQK47JqyQ==",
      "dependencies": [
        "@octokit/auth-app",
        "@octokit/auth-unauthenticated",
        "@octokit/core",
        "@octokit/oauth-app",
        "@octokit/plugin-paginate-rest",
        "@octokit/types",
        "@octokit/webhooks"
      ]
    },
    "@octokit/auth-app@8.1.2": {
      "integrity": "sha512-db8VO0PqXxfzI6GdjtgEFHY9tzqUql5xMFXYA12juq8TeTgPAuiiP3zid4h50lwlIP457p5+56PnJOgd2GGBuw==",
      "dependencies": [
        "@octokit/auth-oauth-app",
        "@octokit/auth-oauth-user",
        "@octokit/request",
        "@octokit/request-error",
        "@octokit/types",
        "toad-cache",
        "universal-github-app-jwt",
        "universal-user-agent"
      ]
    },
    "@octokit/auth-oauth-app@9.0.3": {
      "integrity": "sha512-+yoFQquaF8OxJSxTb7rnytBIC2ZLbLqA/yb71I4ZXT9+Slw4TziV9j/kyGhUFRRTF2+7WlnIWsePZCWHs+OGjg==",
      "dependencies": [
        "@octokit/auth-oauth-device",
        "@octokit/auth-oauth-user",
        "@octokit/request",
        "@octokit/types",
        "universal-user-agent"
      ]
    },
    "@octokit/auth-oauth-device@8.0.3": {
      "integrity": "sha512-zh2W0mKKMh/VWZhSqlaCzY7qFyrgd9oTWmTmHaXnHNeQRCZr/CXy2jCgHo4e4dJVTiuxP5dLa0YM5p5QVhJHbw==",
      "dependencies": [
        "@octokit/oauth-methods",
        "@octokit/request",
        "@octokit/types",
        "universal-user-agent"
      ]
    },
    "@octokit/auth-oauth-user@6.0.2": {
      "integrity": "sha512-qLoPPc6E6GJoz3XeDG/pnDhJpTkODTGG4kY0/Py154i/I003O9NazkrwJwRuzgCalhzyIeWQ+6MDvkUmKXjg/A==",
      "dependencies": [
        "@octokit/auth-oauth-device",
        "@octokit/oauth-methods",
        "@octokit/request",
        "@octokit/types",
        "universal-user-agent"
      ]
    },
    "@octokit/auth-token@6.0.0": {
      "integrity": "sha512-P4YJBPdPSpWTQ1NU4XYdvHvXJJDxM6YwpS0FZHRgP7YFkdVxsWcpWGy/NVqlAA7PcPCnMacXlRm1y2PFZRWL/w=="
    },
    "@octokit/auth-unauthenticated@7.0.3": {
      "integrity": "sha512-8Jb1mtUdmBHL7lGmop9mU9ArMRUTRhg8vp0T1VtZ4yd9vEm3zcLwmjQkhNEduKawOOORie61xhtYIhTDN+ZQ3g==",
      "dependencies": [
        "@octokit/request-error",
        "@octokit/types"
      ]
    },
    "@octokit/core@7.0.6": {
      "integrity": "sha512-DhGl4xMVFGVIyMwswXeyzdL4uXD5OGILGX5N8Y+f6W7LhC1Ze2poSNrkF/fedpVDHEEZ+PHFW0vL14I+mm8K3Q==",
      "dependencies": [
        "@octokit/auth-token",
        "@octokit/graphql",
        "@octokit/request",
        "@octokit/request-error",
        "@octokit/types",
        "before-after-hook",
        "universal-user-agent"
      ]
    },
    "@octokit/endpoint@11.0.2": {
      "integrity": "sha512-4zCpzP1fWc7QlqunZ5bSEjxc6yLAlRTnDwKtgXfcI/FxxGoqedDG8V2+xJ60bV2kODqcGB+nATdtap/XYq2NZQ==",
      "dependencies": [
        "@octokit/types",
        "universal-user-agent"
      ]
    },
    "@octokit/graphql@9.0.3": {
      "integrity": "sha512-grAEuupr/C1rALFnXTv6ZQhFuL1D8G5y8CN04RgrO4FIPMrtm+mcZzFG7dcBm+nq+1ppNixu+Jd78aeJOYxlGA==",
      "dependencies": [
        "@octokit/request",
        "@octokit/types",
        "universal-user-agent"
      ]
    },
    "@octokit/oauth-app@8.0.3": {
      "integrity": "sha512-jnAjvTsPepyUaMu9e69hYBuozEPgYqP4Z3UnpmvoIzHDpf8EXDGvTY1l1jK0RsZ194oRd+k6Hm13oRU8EoDFwg==",
      "dependencies": [
        "@octokit/auth-oauth-app",
        "@octokit/auth-oauth-user",
        "@octokit/auth-unauthenticated",
        "@octokit/core",
        "@octokit/oauth-authorization-url",
        "@octokit/oauth-methods",
        "@types/aws-lambda",
        "universal-user-agent"
      ]
    },
    "@octokit/oauth-authorization-url@8.0.0": {
      "integrity": "sha512-7QoLPRh/ssEA/HuHBHdVdSgF8xNLz/Bc5m9fZkArJE5bb6NmVkDm3anKxXPmN1zh6b5WKZPRr3697xKT/yM3qQ=="
    },
    "@octokit/oauth-methods@6.0.2": {
      "integrity": "sha512-HiNOO3MqLxlt5Da5bZbLV8Zarnphi4y9XehrbaFMkcoJ+FL7sMxH/UlUsCVxpddVu4qvNDrBdaTVE2o4ITK8ng==",
      "dependencies": [
        "@octokit/oauth-authorization-url",
        "@octokit/request",
        "@octokit/request-error",
        "@octokit/types"
      ]
    },
    "@octokit/openapi-types@27.0.0": {
      "integrity": "sha512-whrdktVs1h6gtR+09+QsNk2+FO+49j6ga1c55YZudfEG+oKJVvJLQi3zkOm5JjiUXAagWK2tI2kTGKJ2Ys7MGA=="
    },
    "@octokit/openapi-webhooks-types@12.1.0": {
      "integrity": "sha512-WiuzhOsiOvb7W3Pvmhf8d2C6qaLHXrWiLBP4nJ/4kydu+wpagV5Fkz9RfQwV2afYzv3PB+3xYgp4mAdNGjDprA=="
    },
    "@octokit/plugin-paginate-graphql@6.0.0_@octokit+core@7.0.6": {
      "integrity": "sha512-crfpnIoFiBtRkvPqOyLOsw12XsveYuY2ieP6uYDosoUegBJpSVxGwut9sxUgFFcll3VTOTqpUf8yGd8x1OmAkQ==",
      "dependencies": [
        "@octokit/core"
      ]
    },
    "@octokit/plugin-paginate-rest@14.0.0_@octokit+core@7.0.6": {
      "integrity": "sha512-fNVRE7ufJiAA3XUrha2omTA39M6IXIc6GIZLvlbsm8QOQCYvpq/LkMNGyFlB1d8hTDzsAXa3OKtybdMAYsV/fw==",
      "dependencies": [
        "@octokit/core",
        "@octokit/types"
      ]
    },
    "@octokit/plugin-rest-endpoint-methods@17.0.0_@octokit+core@7.0.6": {
      "integrity": "sha512-B5yCyIlOJFPqUUeiD0cnBJwWJO8lkJs5d8+ze9QDP6SvfiXSz1BF+91+0MeI1d2yxgOhU/O+CvtiZ9jSkHhFAw==",
      "dependencies": [
        "@octokit/core",
        "@octokit/types"
      ]
    },
    "@octokit/plugin-retry@8.0.3_@octokit+core@7.0.6": {
      "integrity": "sha512-vKGx1i3MC0za53IzYBSBXcrhmd+daQDzuZfYDd52X5S0M2otf3kVZTVP8bLA3EkU0lTvd1WEC2OlNNa4G+dohA==",
      "dependencies": [
        "@octokit/core",
        "@octokit/request-error",
        "@octokit/types",
        "bottleneck"
      ]
    },
    "@octokit/plugin-throttling@11.0.3_@octokit+core@7.0.6": {
      "integrity": "sha512-34eE0RkFCKycLl2D2kq7W+LovheM/ex3AwZCYN8udpi6bxsyjZidb2McXs69hZhLmJlDqTSP8cH+jSRpiaijBg==",
      "dependencies": [
        "@octokit/core",
        "@octokit/types",
        "bottleneck"
      ]
    },
    "@octokit/request-error@7.1.0": {
      "integrity": "sha512-KMQIfq5sOPpkQYajXHwnhjCC0slzCNScLHs9JafXc4RAJI+9f+jNDlBNaIMTvazOPLgb4BnlhGJOTbnN0wIjPw==",
      "dependencies": [
        "@octokit/types"
      ]
    },
    "@octokit/request@10.0.7": {
      "integrity": "sha512-v93h0i1yu4idj8qFPZwjehoJx4j3Ntn+JhXsdJrG9pYaX6j/XRz2RmasMUHtNgQD39nrv/VwTWSqK0RNXR8upA==",
      "dependencies": [
        "@octokit/endpoint",
        "@octokit/request-error",
        "@octokit/types",
        "fast-content-type-parse",
        "universal-user-agent"
      ]
    },
    "@octokit/types@16.0.0": {
      "integrity": "sha512-sKq+9r1Mm4efXW1FCk7hFSeJo4QKreL/tTbR0rz/qx/r1Oa2VV83LTA/H/MuCOX7uCIJmQVRKBcbmWoySjAnSg==",
      "dependencies": [
        "@octokit/openapi-types"
      ]
    },
    "@octokit/webhooks-methods@6.0.0": {
      "integrity": "sha512-MFlzzoDJVw/GcbfzVC1RLR36QqkTLUf79vLVO3D+xn7r0QgxnFoLZgtrzxiQErAjFUOdH6fas2KeQJ1yr/qaXQ=="
    },
    "@octokit/webhooks@14.2.0": {
      "integrity": "sha512-da6KbdNCV5sr1/txD896V+6W0iamFWrvVl8cHkBSPT+YlvmT3DwXa4jxZnQc+gnuTEqSWbBeoSZYTayXH9wXcw==",
      "dependencies": [
        "@octokit/openapi-webhooks-types",
        "@octokit/request-error",
        "@octokit/webhooks-methods"
      ]
    },
    "@opentelemetry/api@1.9.0": {
      "integrity": "sha512-3giAOQvZiH5F9bMlMiv8+GSPMeqg0dbaeo58/0SlA9sxSqZhnUtxzX9/2FzyhS9sWQf5S0GJE0AKBrFqjpeYcg=="
    },
    "@types/aws-lambda@8.10.159": {
      "integrity": "sha512-SAP22WSGNN12OQ8PlCzGzRCZ7QDCwI85dQZbmpz7+mAk+L7j+wI7qnvmdKh+o7A5LaOp6QnOZ2NJphAZQTTHQg=="
    },
    "@types/react@19.2.7": {
      "integrity": "sha512-MWtvHrGZLFttgeEj28VXHxpmwYbor/ATPYbBfSFZEIRK0ecCFLl2Qo55z52Hss+UV9CRN7trSeq1zbgx7YDWWg==",
      "dependencies": [
        "csstype"
      ]
    },
    "before-after-hook@4.0.0": {
      "integrity": "sha512-q6tR3RPqIB1pMiTRMFcZwuG5T8vwp+vUvEG0vuI6B+Rikh5BfPp2fQ82c925FOs+b0lcFQ8CFrL+KbilfZFhOQ=="
    },
    "bottleneck@2.19.5": {
      "integrity": "sha512-VHiNCbI1lKdl44tGrhNfU3lup0Tj/ZBMJB5/2ZbNXRCPuRCO7ed2mgcK4r17y+KB2EfuYuRaVlwNbAeaWGSpbw=="
    },
    "csstype@3.2.3": {
      "integrity": "sha512-z1HGKcYy2xA8AGQfwrn0PAy+PB7X/GSj3UVJW9qKyn43xWa+gl5nXmU4qqLMRzWVLFC8KusUX8T/0kCiOYpAIQ=="
    },
    "esbuild@0.25.12": {
      "integrity": "sha512-bbPBYYrtZbkt6Os6FiTLCTFxvq4tt3JKall1vRwshA3fdVztsLAatFaZobhkBC8/BrPetoa0oksYoKXoG4ryJg==",
      "optionalDependencies": [
        "@esbuild/aix-ppc64",
        "@esbuild/android-arm",
        "@esbuild/android-arm64",
        "@esbuild/android-x64",
        "@esbuild/darwin-arm64",
        "@esbuild/darwin-x64",
        "@esbuild/freebsd-arm64",
        "@esbuild/freebsd-x64",
        "@esbuild/linux-arm",
        "@esbuild/linux-arm64",
        "@esbuild/linux-ia32",
        "@esbuild/linux-loong64",
        "@esbuild/linux-mips64el",
        "@esbuild/linux-ppc64",
        "@esbuild/linux-riscv64",
        "@esbuild/linux-s390x",
        "@esbuild/linux-x64",
        "@esbuild/netbsd-arm64",
        "@esbuild/netbsd-x64",
        "@esbuild/openbsd-arm64",
        "@esbuild/openbsd-x64",
        "@esbuild/openharmony-arm64",
        "@esbuild/sunos-x64",
        "@esbuild/win32-arm64",
        "@esbuild/win32-ia32",
        "@esbuild/win32-x64"
      ],
      "scripts": true,
      "bin": true
    },
    "fast-content-type-parse@3.0.0": {
      "integrity": "sha512-ZvLdcY8P+N8mGQJahJV5G4U88CSvT1rP8ApL6uETe88MBXrBHAkZlSEySdUlyztF7ccb+Znos3TFqaepHxdhBg=="
    },
    "octokit@5.0.5_@octokit+core@7.0.6": {
      "integrity": "sha512-4+/OFSqOjoyULo7eN7EA97DE0Xydj/PW5aIckxqQIoFjFwqXKuFCvXUJObyJfBF9Khu4RL/jlDRI9FPaMGfPnw==",
      "dependencies": [
        "@octokit/app",
        "@octokit/core",
        "@octokit/oauth-app",
        "@octokit/plugin-paginate-graphql",
        "@octokit/plugin-paginate-rest",
        "@octokit/plugin-rest-endpoint-methods",
        "@octokit/plugin-retry",
        "@octokit/plugin-throttling",
        "@octokit/request-error",
        "@octokit/types",
        "@octokit/webhooks"
      ]
    },
    "react@19.2.3": {
      "integrity": "sha512-Ku/hhYbVjOQnXDZFv2+RibmLFGwFdeeKHFcOTlrt7xplBnya5OGn/hIRDsqDiSUcfORsDC7MPxwork8jBwsIWA=="
    },
    "toad-cache@3.7.0": {
      "integrity": "sha512-/m8M+2BJUpoJdgAHoG+baCwBT+tf2VraSfkBgl0Y00qIWt41DJ8R5B8nsEw0I58YwF5IZH6z24/2TobDKnqSWw=="
    },
    "universal-github-app-jwt@2.2.2": {
      "integrity": "sha512-dcmbeSrOdTnsjGjUfAlqNDJrhxXizjAz94ija9Qw8YkZ1uu0d+GoZzyH+Jb9tIIqvGsadUfwg+22k5aDqqwzbw=="
    },
    "universal-user-agent@7.0.3": {
      "integrity": "sha512-TmnEAEAsBJVZM/AADELsK76llnwcf9vMKuPz8JflO1frO8Lchitr0fNaN9d+Ap0BjKtqWqd/J17qeDnXh8CL2A=="
    }
  },
  "workspace": {
    "members": {
      "pkg/@eser/app-runtime": {
        "packageJson": {
          "dependencies": [
            "npm:@jsr/std__semver@^1.0.7"
          ]
        }
      },
      "pkg/@eser/bundler": {
        "packageJson": {
          "dependencies": [
            "npm:@jsr/deno__esbuild-plugin@^1.2.1",
            "npm:@jsr/std__assert@^1.0.16",
            "npm:@jsr/std__encoding@^1.0.10",
            "npm:@jsr/std__fmt@^1.0.8",
            "npm:@jsr/std__path@^1.1.3",
            "npm:@jsr/std__regexp@^1.0.1",
            "npm:esbuild@~0.25.12"
          ]
        }
      },
      "pkg/@eser/codebase": {
        "packageJson": {
          "dependencies": [
            "npm:@jsr/david__dax@~0.43.2",
            "npm:@jsr/std__cli@^1.0.24",
            "npm:@jsr/std__fmt@^1.0.8",
            "npm:@jsr/std__fs@^1.0.20",
            "npm:@jsr/std__path@^1.1.3",
            "npm:@jsr/std__semver@^1.0.7",
            "npm:octokit@^5.0.5"
          ]
        }
      },
      "pkg/@eser/collector": {
        "packageJson": {
          "dependencies": [
            "npm:@jsr/std__assert@^1.0.16",
            "npm:@jsr/std__fs@^1.0.20",
            "npm:@jsr/std__path@^1.1.3"
          ]
        }
      },
      "pkg/@eser/config": {
        "packageJson": {
          "dependencies": [
            "npm:@jsr/std__assert@^1.0.16",
            "npm:@jsr/std__collections@^1.1.3",
            "npm:@jsr/std__dotenv@~0.225.5",
            "npm:@jsr/std__fs@^1.0.20",
            "npm:@jsr/std__jsonc@^1.0.2",
            "npm:@jsr/std__path@^1.1.3",
            "npm:@jsr/std__toml@^1.0.11",
            "npm:@jsr/std__yaml@^1.0.10"
          ]
        }
      },
      "pkg/@eser/cs": {
        "packageJson": {
          "dependencies": [
            "npm:@jsr/std__assert@^1.0.16",
            "npm:@jsr/std__cli@^1.0.24",
            "npm:@jsr/std__fs@^1.0.20",
            "npm:@jsr/std__path@^1.1.3",
            "npm:@jsr/std__testing@^1.0.16"
          ]
        }
      },
      "pkg/@eser/di": {
        "packageJson": {
          "dependencies": [
            "npm:@jsr/std__assert@^1.0.16",
            "npm:@jsr/std__testing@^1.0.16"
          ]
        }
      },
      "pkg/@eser/events": {
        "packageJson": {
          "dependencies": [
            "npm:@jsr/std__assert@^1.0.16",
            "npm:@jsr/std__testing@^1.0.16"
          ]
        }
      },
      "pkg/@eser/fp": {
        "packageJson": {
          "dependencies": [
            "npm:@jsr/std__assert@^1.0.16"
          ]
        }
      },
      "pkg/@eser/functions": {
        "packageJson": {
          "dependencies": [
            "npm:@jsr/std__assert@^1.0.16",
            "npm:@jsr/std__testing@^1.0.16"
          ]
        }
      },
      "pkg/@eser/http": {
        "packageJson": {
          "dependencies": [
            "npm:@jsr/std__assert@^1.0.16"
          ]
        }
      },
      "pkg/@eser/jsx-runtime": {
        "packageJson": {
          "dependencies": [
            "npm:@jsr/std__assert@^1.0.16",
            "npm:@types/react@^19.2.7",
            "npm:react@^19.2.3"
          ]
        }
      },
      "pkg/@eser/logging": {
        "packageJson": {
          "dependencies": [
            "npm:@jsr/std__assert@^1.0.16",
            "npm:@opentelemetry/api@^1.9.0"
          ]
        }
      },
      "pkg/@eser/parsing": {
        "packageJson": {
          "dependencies": [
            "npm:@jsr/std__assert@^1.0.16"
          ]
        }
      },
      "pkg/@eser/standards": {
        "packageJson": {
          "dependencies": [
            "npm:@jsr/std__assert@^1.0.16",
            "npm:@jsr/std__path@^1.1.3",
            "npm:@jsr/std__semver@^1.0.7"
          ]
        }
      },
      "pkg/@eser/testing": {
        "packageJson": {
          "dependencies": [
            "npm:@jsr/std__assert@^1.0.16"
          ]
        }
      },
      "pkg/@eser/writer": {
        "packageJson": {
          "dependencies": [
            "npm:@jsr/std__assert@^1.0.16",
            "npm:@jsr/std__csv@^1.0.6",
            "npm:@jsr/std__testing@^1.0.16",
            "npm:@jsr/std__toml@^1.0.11",
            "npm:@jsr/std__yaml@^1.0.10"
          ]
        }
      },
      "test/apps/jsx-runtime-app": {
        "packageJson": {
          "dependencies": [
            "npm:@jsr/std__assert@^1.0.16",
            "npm:@jsr/std__testing@^1.0.16",
            "npm:@types/react@^19.2.7"
          ]
        }
      }
    }
  }
}
