{
  "version": "5",
  "specifiers": {
    "jsr:@std/assert@^1.0.15": "1.0.16",
    "jsr:@std/assert@^1.0.16": "1.0.16",
    "jsr:@std/async@^1.0.15": "1.0.15",
    "jsr:@std/bytes@^1.0.6": "1.0.6",
    "jsr:@std/cli@^1.0.25": "1.0.25",
    "jsr:@std/collections@^1.1.3": "1.1.3",
    "jsr:@std/csv@^1.0.6": "1.0.6",
    "jsr:@std/data-structures@^1.0.9": "1.0.9",
    "jsr:@std/dotenv@~0.225.6": "0.225.6",
    "jsr:@std/encoding@^1.0.10": "1.0.10",
    "jsr:@std/fmt@^1.0.8": "1.0.8",
    "jsr:@std/fs@^1.0.19": "1.0.21",
    "jsr:@std/fs@^1.0.21": "1.0.21",
    "jsr:@std/internal@^1.0.12": "1.0.12",
    "jsr:@std/json@^1.0.2": "1.0.2",
    "jsr:@std/jsonc@^1.0.2": "1.0.2",
    "jsr:@std/path@^1.1.2": "1.1.4",
    "jsr:@std/path@^1.1.4": "1.1.4",
    "jsr:@std/semver@^1.0.7": "1.0.7",
    "jsr:@std/streams@^1.0.13": "1.0.16",
    "jsr:@std/streams@^1.0.9": "1.0.16",
    "jsr:@std/tar@~0.1.9": "0.1.9",
    "jsr:@std/testing@^1.0.16": "1.0.16",
    "jsr:@std/toml@^1.0.11": "1.0.11",
    "jsr:@std/yaml@^1.0.10": "1.0.10",
    "npm:@jsr/std__assert@^1.0.16": "1.0.16",
    "npm:@jsr/std__cli@^1.0.25": "1.0.25",
    "npm:@jsr/std__collections@^1.1.3": "1.1.3",
    "npm:@jsr/std__csv@^1.0.6": "1.0.6",
    "npm:@jsr/std__dotenv@~0.225.6": "0.225.6",
    "npm:@jsr/std__encoding@^1.0.10": "1.0.10",
    "npm:@jsr/std__fmt@^1.0.8": "1.0.8",
    "npm:@jsr/std__fs@^1.0.21": "1.0.21",
    "npm:@jsr/std__jsonc@^1.0.2": "1.0.2",
    "npm:@jsr/std__path@^1.1.4": "1.1.4",
    "npm:@jsr/std__semver@^1.0.7": "1.0.7",
    "npm:@jsr/std__tar@~0.1.9": "0.1.9",
    "npm:@jsr/std__testing@^1.0.16": "1.0.16",
    "npm:@jsr/std__toml@^1.0.11": "1.0.11",
    "npm:@jsr/std__yaml@^1.0.10": "1.0.10",
    "npm:@opentelemetry/api@^1.9.0": "1.9.0",
    "npm:@types/react@^19.2.7": "19.2.7",
    "npm:lodash.reject@^4.6.0": "4.6.0",
    "npm:octokit@^5.0.5": "5.0.5_@octokit+core@7.0.6",
    "npm:react@^19.2.3": "19.2.3"
  },
  "jsr": {
    "@std/assert@1.0.16": {
      "integrity": "6a7272ed1eaa77defe76e5ff63ca705d9c495077e2d5fd0126d2b53fc5bd6532",
      "dependencies": [
        "jsr:@std/internal"
      ]
    },
    "@std/async@1.0.15": {
      "integrity": "55d1d9d04f99403fe5730ab16bdcc3c47f658a6bf054cafb38a50f046238116e"
    },
    "@std/bytes@1.0.6": {
      "integrity": "f6ac6adbd8ccd99314045f5703e23af0a68d7f7e58364b47d2c7f408aeb5820a"
    },
    "@std/cli@1.0.25": {
      "integrity": "1f85051b370c97a7a9dfc6ba626e7ed57a91bea8c081597276d1e78d929d8c91",
      "dependencies": [
        "jsr:@std/internal"
      ]
    },
    "@std/collections@1.1.3": {
      "integrity": "bf8b0818886df6a32b64c7d3b037a425111f28278d69fd0995aeb62777c986b0"
    },
    "@std/csv@1.0.6": {
      "integrity": "52ef0e62799a0028d278fa04762f17f9bd263fad9a8e7f98c14fbd371d62d9fd",
      "dependencies": [
        "jsr:@std/streams@^1.0.9"
      ]
    },
    "@std/data-structures@1.0.9": {
      "integrity": "033d6e17e64bf1f84a614e647c1b015fa2576ae3312305821e1a4cb20674bb4d"
    },
    "@std/dotenv@0.225.6": {
      "integrity": "1d6f9db72f565bd26790fa034c26e45ecb260b5245417be76c2279e5734c421b"
    },
    "@std/encoding@1.0.10": {
      "integrity": "8783c6384a2d13abd5e9e87a7ae0520a30e9f56aeeaa3bdf910a3eaaf5c811a1"
    },
    "@std/fmt@1.0.8": {
      "integrity": "71e1fc498787e4434d213647a6e43e794af4fd393ef8f52062246e06f7e372b7"
    },
    "@std/fs@1.0.21": {
      "integrity": "d720fe1056d78d43065a4d6e0eeb2b19f34adb8a0bc7caf3a4dbf1d4178252cd",
      "dependencies": [
        "jsr:@std/internal",
        "jsr:@std/path@^1.1.4"
      ]
    },
    "@std/internal@1.0.12": {
      "integrity": "972a634fd5bc34b242024402972cd5143eac68d8dffaca5eaa4dba30ce17b027"
    },
    "@std/json@1.0.2": {
      "integrity": "d9e5497801c15fb679f55a2c01c7794ad7a5dfda4dd1bebab5e409cb5e0d34d4"
    },
    "@std/jsonc@1.0.2": {
      "integrity": "909605dae3af22bd75b1cbda8d64a32cf1fd2cf6efa3f9e224aba6d22c0f44c7",
      "dependencies": [
        "jsr:@std/json"
      ]
    },
    "@std/path@1.1.4": {
      "integrity": "1d2d43f39efb1b42f0b1882a25486647cb851481862dc7313390b2bb044314b5",
      "dependencies": [
        "jsr:@std/internal"
      ]
    },
    "@std/semver@1.0.7": {
      "integrity": "7d5f65391762dc4358abde80fc3354086ddb40101f140295e60f290c138887d0"
    },
    "@std/streams@1.0.16": {
      "integrity": "85030627befb1767c60d4f65cb30fa2f94af1d6ee6e5b2515b76157a542e89c4",
      "dependencies": [
        "jsr:@std/bytes"
      ]
    },
    "@std/tar@0.1.9": {
      "integrity": "9d684ddfbe66db61ade4b717e3b2519e3b09c7697f28edef2bef798d8d9083ba",
      "dependencies": [
        "jsr:@std/streams@^1.0.13"
      ]
    },
    "@std/testing@1.0.16": {
      "integrity": "a917ffdeb5924c9be436dc78bc32e511760e14d3a96e49c607fc5ecca86d0092",
      "dependencies": [
        "jsr:@std/assert@^1.0.15",
        "jsr:@std/async",
        "jsr:@std/data-structures",
        "jsr:@std/fs@^1.0.19",
        "jsr:@std/internal",
        "jsr:@std/path@^1.1.2"
      ]
    },
    "@std/toml@1.0.11": {
      "integrity": "e084988b872ca4bad6aedfb7350f6eeed0e8ba88e9ee5e1590621c5b5bb8f715",
      "dependencies": [
        "jsr:@std/collections"
      ]
    },
    "@std/yaml@1.0.10": {
      "integrity": "245706ea3511cc50c8c6d00339c23ea2ffa27bd2c7ea5445338f8feff31fa58e"
    }
  },
  "npm": {
    "@jsr/std__assert@1.0.16": {
      "integrity": "sha512-bX9ih0nR1kQ12/cnQRCQU0ppTCV7MFkP0qjyWxJRoDI8RC5cpTAmLFH/KcFgxmdN4flKkRbub8VtLuyKq+4OxA==",
      "dependencies": [
        "@jsr/std__internal"
      ],
      "tarball": "https://npm.jsr.io/~/11/@jsr/std__assert/1.0.16.tgz"
    },
    "@jsr/std__async@1.0.16": {
      "integrity": "sha512-WoYmNEPSh+Bs09HvVceERknVX813wQjSb2D9Z0KdxGTMYl5Pm13e5xqa3mYu9QBRlxIxpTivGhIQYaslEezrhw==",
      "tarball": "https://npm.jsr.io/~/11/@jsr/std__async/1.0.16.tgz"
    },
    "@jsr/std__bytes@1.0.6": {
      "integrity": "sha512-St6yKggjFGhxS52IFLJWvkchRFbAKg2Xh8UxA4S1EGz7GJ2Ui+ssDDldj/w2c8vCxvl6qgR0HaYbKeFJNqujmA==",
      "tarball": "https://npm.jsr.io/~/11/@jsr/std__bytes/1.0.6.tgz"
    },
    "@jsr/std__cli@1.0.25": {
      "integrity": "sha512-2t7VjuQJ/tgs8DvmBjqAd1Tcdr1Zf30tqp3QW37R4eZEm17NCKFg1SLquotV+sdnWqkALneR4WTdX3pwWhdf+w==",
      "dependencies": [
        "@jsr/std__internal"
      ],
      "tarball": "https://npm.jsr.io/~/11/@jsr/std__cli/1.0.25.tgz"
    },
    "@jsr/std__collections@1.1.3": {
      "integrity": "sha512-jGG6mv3IjOyxm6PyT1YVbLyAlZL+Gow6LOpBw+84qb1nkdJY0+t6bi7ICEqAwUz87cNjBS0P+yZQ5HHclJhsfw==",
      "tarball": "https://npm.jsr.io/~/11/@jsr/std__collections/1.1.3.tgz"
    },
    "@jsr/std__csv@1.0.6": {
      "integrity": "sha512-9n/SZzjolPQ907gUPksQU3EFURwRl4GA9V6MylA8hpSkpxhcj6J98zDpn9EmDqgE2A4L9MnlUvFhRpeWl+Y/ZQ==",
      "dependencies": [
        "@jsr/std__streams"
      ],
      "tarball": "https://npm.jsr.io/~/11/@jsr/std__csv/1.0.6.tgz"
    },
    "@jsr/std__data-structures@1.0.9": {
      "integrity": "sha512-+mT4Nll6fx+CPNqrlC+huhIOYNSMS+KUdJ4B8NujiQrh/bq++ds5PXpEsfV5EPR+YuWcuDGG0P1DE+Rednd7Wg==",
      "dependencies": [
        "@jsr/std__assert"
      ],
      "tarball": "https://npm.jsr.io/~/11/@jsr/std__data-structures/1.0.9.tgz"
    },
    "@jsr/std__dotenv@0.225.6": {
      "integrity": "sha512-rqh5RrHccbyzmP4v1/vqUyYy4dqopjTRgW8bJqk2ZXTKBbvpmMjPxJ+xy+YAk6XnEvtPCPAgqbFhHWcomjnX+w==",
      "tarball": "https://npm.jsr.io/~/11/@jsr/std__dotenv/0.225.6.tgz"
    },
    "@jsr/std__encoding@1.0.10": {
      "integrity": "sha512-WK2njnDTyKefroRNk2Ooq7GStp6Y0ccAvr4To+Z/zecRAGe7+OSvH9DbiaHpAKwEi2KQbmpWMOYsdNt+TsdmSw==",
      "tarball": "https://npm.jsr.io/~/11/@jsr/std__encoding/1.0.10.tgz"
    },
    "@jsr/std__fmt@1.0.8": {
      "integrity": "sha512-miZHzj9OgjuajrcMKzpqNVwFb9O71UHZzV/FHVq0E0Uwmv/1JqXgmXAoBNPrn+MP0fHT3mMgaZ6XvQO7dam67Q==",
      "tarball": "https://npm.jsr.io/~/11/@jsr/std__fmt/1.0.8.tgz"
    },
    "@jsr/std__fs@1.0.21": {
      "integrity": "sha512-k/agrcKGm6KD89ci3AEyRmu3wRWf9JZNliOF4ZUxagTHiySmxjiKU3Lk+d2ksRtwEi7oWlLGS0AVM9Lciwc/xg==",
      "dependencies": [
        "@jsr/std__internal",
        "@jsr/std__path"
      ],
      "tarball": "https://npm.jsr.io/~/11/@jsr/std__fs/1.0.21.tgz"
    },
    "@jsr/std__internal@1.0.12": {
      "integrity": "sha512-6xReMW9p+paJgqoFRpOE2nogJFvzPfaLHLIlyADYjKMUcwDyjKZxryIbgcU+gxiTygn8yCjld1HoI0ET4/iZeA==",
      "tarball": "https://npm.jsr.io/~/11/@jsr/std__internal/1.0.12.tgz"
    },
    "@jsr/std__json@1.0.2": {
      "integrity": "sha512-6d7R77+6NBf/OwA/8pT6uI3UkME+nkdertGjB7ni4J+2izuDu8AjbUH9aRvj8XqU3LQsqqsIRD4a3DvprMQDWA==",
      "dependencies": [
        "@jsr/std__streams"
      ],
      "tarball": "https://npm.jsr.io/~/11/@jsr/std__json/1.0.2.tgz"
    },
    "@jsr/std__jsonc@1.0.2": {
      "integrity": "sha512-Lva9lY0UPvvgmS8INUHU8Tqijq2SPfdlnSAvofOYUBiB6ALPxo0rTMznRlY5Wt30nMW+rhMTha1x5RGpMBKUoQ==",
      "dependencies": [
        "@jsr/std__json"
      ],
      "tarball": "https://npm.jsr.io/~/11/@jsr/std__jsonc/1.0.2.tgz"
    },
    "@jsr/std__path@1.1.4": {
      "integrity": "sha512-SK4u9H6NVTfolhPdlvdYXfNFefy1W04AEHWJydryYbk+xqzNiVmr5o7TLJLJFqwHXuwMRhwrn+mcYeUfS0YFaA==",
      "dependencies": [
        "@jsr/std__internal"
      ],
      "tarball": "https://npm.jsr.io/~/11/@jsr/std__path/1.1.4.tgz"
    },
    "@jsr/std__semver@1.0.7": {
      "integrity": "sha512-/WpDSNegE6lI50L1+VnItLkuuQlZK8e8QbxrjV1sH+3YqiH+sQ/Tx3yYvewkKVVSwcidQUlqSIHSPrhay1zLCg==",
      "tarball": "https://npm.jsr.io/~/11/@jsr/std__semver/1.0.7.tgz"
    },
    "@jsr/std__streams@1.0.16": {
      "integrity": "sha512-8vQHEDIpAr5m9upZEcF1UO2ylZCJsOs5mlsXaJNehQmSm8Iiz/XaKtb73Fh6fj8Ybc2jNw2zyi9CLfqd3Ph6mA==",
      "dependencies": [
        "@jsr/std__bytes"
      ],
      "tarball": "https://npm.jsr.io/~/11/@jsr/std__streams/1.0.16.tgz"
    },
    "@jsr/std__tar@0.1.9": {
      "integrity": "sha512-xqGl8vhdXnuCrJD/9cQfY3R8BnkvR3sQnZWncMnK799cWpA3Z84l9Y9qwEmeMud0FYHSb2xJZXoqAeWaVxHbVg==",
      "dependencies": [
        "@jsr/std__streams"
      ],
      "tarball": "https://npm.jsr.io/~/11/@jsr/std__tar/0.1.9.tgz"
    },
    "@jsr/std__testing@1.0.16": {
      "integrity": "sha512-suPk2iMICErQVuRcNj7HweRbFYsBLjqnrI0NgNEXzBAJYv8lA+/87IXMgv/rvyqSABHn3X4ciynFZgpyPCI32A==",
      "dependencies": [
        "@jsr/std__assert",
        "@jsr/std__async",
        "@jsr/std__data-structures",
        "@jsr/std__fs",
        "@jsr/std__internal",
        "@jsr/std__path"
      ],
      "tarball": "https://npm.jsr.io/~/11/@jsr/std__testing/1.0.16.tgz"
    },
    "@jsr/std__toml@1.0.11": {
      "integrity": "sha512-+LZAizoPAPwMDmRZr86/xPrbO8E0Oq0BJ70mr1fNMobJ/6X6v15Jk16ZClFGukWgzBMd8ggiMWnzp24+N3VNZg==",
      "dependencies": [
        "@jsr/std__collections"
      ],
      "tarball": "https://npm.jsr.io/~/11/@jsr/std__toml/1.0.11.tgz"
    },
    "@jsr/std__yaml@1.0.10": {
      "integrity": "sha512-1WIM023Kvi48pvPE3UO5YcieambLgywUooLhAkkaObIcMB77F/YP2ILdl+vNfik+vElkl9znmuST9AZo8mbCpA==",
      "tarball": "https://npm.jsr.io/~/11/@jsr/std__yaml/1.0.10.tgz"
    },
    "@octokit/app@16.1.2_@octokit+core@7.0.6": {
      "integrity": "sha512-8j7sEpUYVj18dxvh0KWj6W/l6uAiVRBl1JBDVRqH1VHKAO/G5eRVl4yEoYACjakWers1DjUkcCHyJNQK47JqyQ==",
      "dependencies": [
        "@octokit/auth-app",
        "@octokit/auth-unauthenticated",
        "@octokit/core",
        "@octokit/oauth-app",
        "@octokit/plugin-paginate-rest",
        "@octokit/types",
        "@octokit/webhooks"
      ]
    },
    "@octokit/auth-app@8.1.2": {
      "integrity": "sha512-db8VO0PqXxfzI6GdjtgEFHY9tzqUql5xMFXYA12juq8TeTgPAuiiP3zid4h50lwlIP457p5+56PnJOgd2GGBuw==",
      "dependencies": [
        "@octokit/auth-oauth-app",
        "@octokit/auth-oauth-user",
        "@octokit/request",
        "@octokit/request-error",
        "@octokit/types",
        "toad-cache",
        "universal-github-app-jwt",
        "universal-user-agent"
      ]
    },
    "@octokit/auth-oauth-app@9.0.3": {
      "integrity": "sha512-+yoFQquaF8OxJSxTb7rnytBIC2ZLbLqA/yb71I4ZXT9+Slw4TziV9j/kyGhUFRRTF2+7WlnIWsePZCWHs+OGjg==",
      "dependencies": [
        "@octokit/auth-oauth-device",
        "@octokit/auth-oauth-user",
        "@octokit/request",
        "@octokit/types",
        "universal-user-agent"
      ]
    },
    "@octokit/auth-oauth-device@8.0.3": {
      "integrity": "sha512-zh2W0mKKMh/VWZhSqlaCzY7qFyrgd9oTWmTmHaXnHNeQRCZr/CXy2jCgHo4e4dJVTiuxP5dLa0YM5p5QVhJHbw==",
      "dependencies": [
        "@octokit/oauth-methods",
        "@octokit/request",
        "@octokit/types",
        "universal-user-agent"
      ]
    },
    "@octokit/auth-oauth-user@6.0.2": {
      "integrity": "sha512-qLoPPc6E6GJoz3XeDG/pnDhJpTkODTGG4kY0/Py154i/I003O9NazkrwJwRuzgCalhzyIeWQ+6MDvkUmKXjg/A==",
      "dependencies": [
        "@octokit/auth-oauth-device",
        "@octokit/oauth-methods",
        "@octokit/request",
        "@octokit/types",
        "universal-user-agent"
      ]
    },
    "@octokit/auth-token@6.0.0": {
      "integrity": "sha512-P4YJBPdPSpWTQ1NU4XYdvHvXJJDxM6YwpS0FZHRgP7YFkdVxsWcpWGy/NVqlAA7PcPCnMacXlRm1y2PFZRWL/w=="
    },
    "@octokit/auth-unauthenticated@7.0.3": {
      "integrity": "sha512-8Jb1mtUdmBHL7lGmop9mU9ArMRUTRhg8vp0T1VtZ4yd9vEm3zcLwmjQkhNEduKawOOORie61xhtYIhTDN+ZQ3g==",
      "dependencies": [
        "@octokit/request-error",
        "@octokit/types"
      ]
    },
    "@octokit/core@7.0.6": {
      "integrity": "sha512-DhGl4xMVFGVIyMwswXeyzdL4uXD5OGILGX5N8Y+f6W7LhC1Ze2poSNrkF/fedpVDHEEZ+PHFW0vL14I+mm8K3Q==",
      "dependencies": [
        "@octokit/auth-token",
        "@octokit/graphql",
        "@octokit/request",
        "@octokit/request-error",
        "@octokit/types",
        "before-after-hook",
        "universal-user-agent"
      ]
    },
    "@octokit/endpoint@11.0.2": {
      "integrity": "sha512-4zCpzP1fWc7QlqunZ5bSEjxc6yLAlRTnDwKtgXfcI/FxxGoqedDG8V2+xJ60bV2kODqcGB+nATdtap/XYq2NZQ==",
      "dependencies": [
        "@octokit/types",
        "universal-user-agent"
      ]
    },
    "@octokit/graphql@9.0.3": {
      "integrity": "sha512-grAEuupr/C1rALFnXTv6ZQhFuL1D8G5y8CN04RgrO4FIPMrtm+mcZzFG7dcBm+nq+1ppNixu+Jd78aeJOYxlGA==",
      "dependencies": [
        "@octokit/request",
        "@octokit/types",
        "universal-user-agent"
      ]
    },
    "@octokit/oauth-app@8.0.3": {
      "integrity": "sha512-jnAjvTsPepyUaMu9e69hYBuozEPgYqP4Z3UnpmvoIzHDpf8EXDGvTY1l1jK0RsZ194oRd+k6Hm13oRU8EoDFwg==",
      "dependencies": [
        "@octokit/auth-oauth-app",
        "@octokit/auth-oauth-user",
        "@octokit/auth-unauthenticated",
        "@octokit/core",
        "@octokit/oauth-authorization-url",
        "@octokit/oauth-methods",
        "@types/aws-lambda",
        "universal-user-agent"
      ]
    },
    "@octokit/oauth-authorization-url@8.0.0": {
      "integrity": "sha512-7QoLPRh/ssEA/HuHBHdVdSgF8xNLz/Bc5m9fZkArJE5bb6NmVkDm3anKxXPmN1zh6b5WKZPRr3697xKT/yM3qQ=="
    },
    "@octokit/oauth-methods@6.0.2": {
      "integrity": "sha512-HiNOO3MqLxlt5Da5bZbLV8Zarnphi4y9XehrbaFMkcoJ+FL7sMxH/UlUsCVxpddVu4qvNDrBdaTVE2o4ITK8ng==",
      "dependencies": [
        "@octokit/oauth-authorization-url",
        "@octokit/request",
        "@octokit/request-error",
        "@octokit/types"
      ]
    },
    "@octokit/openapi-types@27.0.0": {
      "integrity": "sha512-whrdktVs1h6gtR+09+QsNk2+FO+49j6ga1c55YZudfEG+oKJVvJLQi3zkOm5JjiUXAagWK2tI2kTGKJ2Ys7MGA=="
    },
    "@octokit/openapi-webhooks-types@12.1.0": {
      "integrity": "sha512-WiuzhOsiOvb7W3Pvmhf8d2C6qaLHXrWiLBP4nJ/4kydu+wpagV5Fkz9RfQwV2afYzv3PB+3xYgp4mAdNGjDprA=="
    },
    "@octokit/plugin-paginate-graphql@6.0.0_@octokit+core@7.0.6": {
      "integrity": "sha512-crfpnIoFiBtRkvPqOyLOsw12XsveYuY2ieP6uYDosoUegBJpSVxGwut9sxUgFFcll3VTOTqpUf8yGd8x1OmAkQ==",
      "dependencies": [
        "@octokit/core"
      ]
    },
    "@octokit/plugin-paginate-rest@14.0.0_@octokit+core@7.0.6": {
      "integrity": "sha512-fNVRE7ufJiAA3XUrha2omTA39M6IXIc6GIZLvlbsm8QOQCYvpq/LkMNGyFlB1d8hTDzsAXa3OKtybdMAYsV/fw==",
      "dependencies": [
        "@octokit/core",
        "@octokit/types"
      ]
    },
    "@octokit/plugin-rest-endpoint-methods@17.0.0_@octokit+core@7.0.6": {
      "integrity": "sha512-B5yCyIlOJFPqUUeiD0cnBJwWJO8lkJs5d8+ze9QDP6SvfiXSz1BF+91+0MeI1d2yxgOhU/O+CvtiZ9jSkHhFAw==",
      "dependencies": [
        "@octokit/core",
        "@octokit/types"
      ]
    },
    "@octokit/plugin-retry@8.0.3_@octokit+core@7.0.6": {
      "integrity": "sha512-vKGx1i3MC0za53IzYBSBXcrhmd+daQDzuZfYDd52X5S0M2otf3kVZTVP8bLA3EkU0lTvd1WEC2OlNNa4G+dohA==",
      "dependencies": [
        "@octokit/core",
        "@octokit/request-error",
        "@octokit/types",
        "bottleneck"
      ]
    },
    "@octokit/plugin-throttling@11.0.3_@octokit+core@7.0.6": {
      "integrity": "sha512-34eE0RkFCKycLl2D2kq7W+LovheM/ex3AwZCYN8udpi6bxsyjZidb2McXs69hZhLmJlDqTSP8cH+jSRpiaijBg==",
      "dependencies": [
        "@octokit/core",
        "@octokit/types",
        "bottleneck"
      ]
    },
    "@octokit/request-error@7.1.0": {
      "integrity": "sha512-KMQIfq5sOPpkQYajXHwnhjCC0slzCNScLHs9JafXc4RAJI+9f+jNDlBNaIMTvazOPLgb4BnlhGJOTbnN0wIjPw==",
      "dependencies": [
        "@octokit/types"
      ]
    },
    "@octokit/request@10.0.7": {
      "integrity": "sha512-v93h0i1yu4idj8qFPZwjehoJx4j3Ntn+JhXsdJrG9pYaX6j/XRz2RmasMUHtNgQD39nrv/VwTWSqK0RNXR8upA==",
      "dependencies": [
        "@octokit/endpoint",
        "@octokit/request-error",
        "@octokit/types",
        "fast-content-type-parse",
        "universal-user-agent"
      ]
    },
    "@octokit/types@16.0.0": {
      "integrity": "sha512-sKq+9r1Mm4efXW1FCk7hFSeJo4QKreL/tTbR0rz/qx/r1Oa2VV83LTA/H/MuCOX7uCIJmQVRKBcbmWoySjAnSg==",
      "dependencies": [
        "@octokit/openapi-types"
      ]
    },
    "@octokit/webhooks-methods@6.0.0": {
      "integrity": "sha512-MFlzzoDJVw/GcbfzVC1RLR36QqkTLUf79vLVO3D+xn7r0QgxnFoLZgtrzxiQErAjFUOdH6fas2KeQJ1yr/qaXQ=="
    },
    "@octokit/webhooks@14.2.0": {
      "integrity": "sha512-da6KbdNCV5sr1/txD896V+6W0iamFWrvVl8cHkBSPT+YlvmT3DwXa4jxZnQc+gnuTEqSWbBeoSZYTayXH9wXcw==",
      "dependencies": [
        "@octokit/openapi-webhooks-types",
        "@octokit/request-error",
        "@octokit/webhooks-methods"
      ]
    },
    "@opentelemetry/api@1.9.0": {
      "integrity": "sha512-3giAOQvZiH5F9bMlMiv8+GSPMeqg0dbaeo58/0SlA9sxSqZhnUtxzX9/2FzyhS9sWQf5S0GJE0AKBrFqjpeYcg=="
    },
    "@types/aws-lambda@8.10.159": {
      "integrity": "sha512-SAP22WSGNN12OQ8PlCzGzRCZ7QDCwI85dQZbmpz7+mAk+L7j+wI7qnvmdKh+o7A5LaOp6QnOZ2NJphAZQTTHQg=="
    },
    "@types/react@19.2.7": {
      "integrity": "sha512-MWtvHrGZLFttgeEj28VXHxpmwYbor/ATPYbBfSFZEIRK0ecCFLl2Qo55z52Hss+UV9CRN7trSeq1zbgx7YDWWg==",
      "dependencies": [
        "csstype"
      ]
    },
    "before-after-hook@4.0.0": {
      "integrity": "sha512-q6tR3RPqIB1pMiTRMFcZwuG5T8vwp+vUvEG0vuI6B+Rikh5BfPp2fQ82c925FOs+b0lcFQ8CFrL+KbilfZFhOQ=="
    },
    "bottleneck@2.19.5": {
      "integrity": "sha512-VHiNCbI1lKdl44tGrhNfU3lup0Tj/ZBMJB5/2ZbNXRCPuRCO7ed2mgcK4r17y+KB2EfuYuRaVlwNbAeaWGSpbw=="
    },
    "csstype@3.2.3": {
      "integrity": "sha512-z1HGKcYy2xA8AGQfwrn0PAy+PB7X/GSj3UVJW9qKyn43xWa+gl5nXmU4qqLMRzWVLFC8KusUX8T/0kCiOYpAIQ=="
    },
    "fast-content-type-parse@3.0.0": {
      "integrity": "sha512-ZvLdcY8P+N8mGQJahJV5G4U88CSvT1rP8ApL6uETe88MBXrBHAkZlSEySdUlyztF7ccb+Znos3TFqaepHxdhBg=="
    },
    "lodash.reject@4.6.0": {
      "integrity": "sha512-qkTuvgEzYdyhiJBx42YPzPo71R1aEr0z79kAv7Ixg8wPFEjgRgJdUsGMG3Hf3OYSF/kHI79XhNlt+5Ar6OzwxQ=="
    },
    "octokit@5.0.5_@octokit+core@7.0.6": {
      "integrity": "sha512-4+/OFSqOjoyULo7eN7EA97DE0Xydj/PW5aIckxqQIoFjFwqXKuFCvXUJObyJfBF9Khu4RL/jlDRI9FPaMGfPnw==",
      "dependencies": [
        "@octokit/app",
        "@octokit/core",
        "@octokit/oauth-app",
        "@octokit/plugin-paginate-graphql",
        "@octokit/plugin-paginate-rest",
        "@octokit/plugin-rest-endpoint-methods",
        "@octokit/plugin-retry",
        "@octokit/plugin-throttling",
        "@octokit/request-error",
        "@octokit/types",
        "@octokit/webhooks"
      ]
    },
    "react@19.2.3": {
      "integrity": "sha512-Ku/hhYbVjOQnXDZFv2+RibmLFGwFdeeKHFcOTlrt7xplBnya5OGn/hIRDsqDiSUcfORsDC7MPxwork8jBwsIWA=="
    },
    "toad-cache@3.7.0": {
      "integrity": "sha512-/m8M+2BJUpoJdgAHoG+baCwBT+tf2VraSfkBgl0Y00qIWt41DJ8R5B8nsEw0I58YwF5IZH6z24/2TobDKnqSWw=="
    },
    "universal-github-app-jwt@2.2.2": {
      "integrity": "sha512-dcmbeSrOdTnsjGjUfAlqNDJrhxXizjAz94ija9Qw8YkZ1uu0d+GoZzyH+Jb9tIIqvGsadUfwg+22k5aDqqwzbw=="
    },
    "universal-user-agent@7.0.3": {
      "integrity": "sha512-TmnEAEAsBJVZM/AADELsK76llnwcf9vMKuPz8JflO1frO8Lchitr0fNaN9d+Ap0BjKtqWqd/J17qeDnXh8CL2A=="
    }
  },
  "workspace": {
    "members": {
      "pkg/@eser/app-runtime": {
        "dependencies": [
          "jsr:@std/semver@^1.0.7"
        ],
        "packageJson": {
          "dependencies": [
            "npm:@jsr/std__semver@^1.0.7"
          ]
        }
      },
      "pkg/@eser/bundler": {
        "dependencies": [
          "jsr:@std/assert@^1.0.16",
          "jsr:@std/encoding@^1.0.10",
          "jsr:@std/fmt@^1.0.8",
          "jsr:@std/path@^1.1.4"
        ],
        "packageJson": {
          "dependencies": [
            "npm:@jsr/std__assert@^1.0.16",
            "npm:@jsr/std__encoding@^1.0.10",
            "npm:@jsr/std__fmt@^1.0.8",
            "npm:@jsr/std__path@^1.1.4"
          ]
        }
      },
      "pkg/@eser/cache": {
        "dependencies": [
          "jsr:@std/assert@^1.0.16"
        ],
        "packageJson": {
          "dependencies": [
            "npm:@jsr/std__assert@^1.0.16"
          ]
        }
      },
      "pkg/@eser/cli": {
        "dependencies": [
          "jsr:@std/cli@^1.0.25",
          "jsr:@std/fmt@^1.0.8",
          "jsr:@std/path@^1.1.4"
        ],
        "packageJson": {
          "dependencies": [
            "npm:@jsr/std__cli@^1.0.25",
            "npm:@jsr/std__fmt@^1.0.8",
            "npm:@jsr/std__path@^1.1.4"
          ]
        }
      },
      "pkg/@eser/codebase": {
        "dependencies": [
          "jsr:@std/cli@^1.0.25",
          "jsr:@std/fmt@^1.0.8",
          "jsr:@std/fs@^1.0.21",
          "jsr:@std/path@^1.1.4",
          "jsr:@std/semver@^1.0.7",
          "jsr:@std/tar@~0.1.9",
          "jsr:@std/yaml@^1.0.10",
          "npm:octokit@^5.0.5"
        ],
        "packageJson": {
          "dependencies": [
            "npm:@jsr/std__cli@^1.0.25",
            "npm:@jsr/std__fmt@^1.0.8",
            "npm:@jsr/std__fs@^1.0.21",
            "npm:@jsr/std__path@^1.1.4",
            "npm:@jsr/std__semver@^1.0.7",
            "npm:@jsr/std__tar@~0.1.9",
            "npm:@jsr/std__yaml@^1.0.10",
            "npm:octokit@^5.0.5"
          ]
        }
      },
      "pkg/@eser/collector": {
        "dependencies": [
          "jsr:@std/assert@^1.0.16",
          "jsr:@std/fs@^1.0.21",
          "jsr:@std/path@^1.1.4"
        ],
        "packageJson": {
          "dependencies": [
            "npm:@jsr/std__assert@^1.0.16",
            "npm:@jsr/std__fs@^1.0.21",
            "npm:@jsr/std__path@^1.1.4"
          ]
        }
      },
      "pkg/@eser/config": {
        "dependencies": [
          "jsr:@std/assert@^1.0.16",
          "jsr:@std/collections@^1.1.3",
          "jsr:@std/dotenv@~0.225.6",
          "jsr:@std/fs@^1.0.21",
          "jsr:@std/jsonc@^1.0.2",
          "jsr:@std/path@^1.1.4",
          "jsr:@std/toml@^1.0.11",
          "jsr:@std/yaml@^1.0.10"
        ],
        "packageJson": {
          "dependencies": [
            "npm:@jsr/std__assert@^1.0.16",
            "npm:@jsr/std__collections@^1.1.3",
            "npm:@jsr/std__dotenv@~0.225.6",
            "npm:@jsr/std__fs@^1.0.21",
            "npm:@jsr/std__jsonc@^1.0.2",
            "npm:@jsr/std__path@^1.1.4",
            "npm:@jsr/std__toml@^1.0.11",
            "npm:@jsr/std__yaml@^1.0.10"
          ]
        }
      },
      "pkg/@eser/cs": {
        "dependencies": [
          "jsr:@std/assert@^1.0.16",
          "jsr:@std/cli@^1.0.25",
          "jsr:@std/fs@^1.0.21",
          "jsr:@std/path@^1.1.4",
          "jsr:@std/testing@^1.0.16"
        ],
        "packageJson": {
          "dependencies": [
            "npm:@jsr/std__assert@^1.0.16",
            "npm:@jsr/std__cli@^1.0.25",
            "npm:@jsr/std__fs@^1.0.21",
            "npm:@jsr/std__path@^1.1.4",
            "npm:@jsr/std__testing@^1.0.16"
          ]
        }
      },
      "pkg/@eser/di": {
        "dependencies": [
          "jsr:@std/assert@^1.0.16",
          "jsr:@std/testing@^1.0.16"
        ],
        "packageJson": {
          "dependencies": [
            "npm:@jsr/std__assert@^1.0.16",
            "npm:@jsr/std__testing@^1.0.16"
          ]
        }
      },
      "pkg/@eser/events": {
        "dependencies": [
          "jsr:@std/assert@^1.0.16",
          "jsr:@std/testing@^1.0.16"
        ],
        "packageJson": {
          "dependencies": [
            "npm:@jsr/std__assert@^1.0.16",
            "npm:@jsr/std__testing@^1.0.16"
          ]
        }
      },
      "pkg/@eser/fp": {
        "dependencies": [
          "jsr:@std/assert@^1.0.16"
        ],
        "packageJson": {
          "dependencies": [
            "npm:@jsr/std__assert@^1.0.16"
          ]
        }
      },
      "pkg/@eser/functions": {
        "dependencies": [
          "jsr:@std/assert@^1.0.16",
          "jsr:@std/testing@^1.0.16"
        ],
        "packageJson": {
          "dependencies": [
            "npm:@jsr/std__assert@^1.0.16",
            "npm:@jsr/std__testing@^1.0.16"
          ]
        }
      },
      "pkg/@eser/http": {
        "dependencies": [
          "jsr:@std/assert@^1.0.16"
        ],
        "packageJson": {
          "dependencies": [
            "npm:@jsr/std__assert@^1.0.16"
          ]
        }
      },
      "pkg/@eser/jsx-runtime": {
        "dependencies": [
          "jsr:@std/assert@^1.0.16",
          "npm:@types/react@^19.2.7",
          "npm:react@^19.2.3"
        ],
        "packageJson": {
          "dependencies": [
            "npm:@jsr/std__assert@^1.0.16",
            "npm:@types/react@^19.2.7",
            "npm:react@^19.2.3"
          ]
        }
      },
      "pkg/@eser/logging": {
        "dependencies": [
          "jsr:@std/assert@^1.0.16",
          "npm:@opentelemetry/api@^1.9.0"
        ],
        "packageJson": {
          "dependencies": [
            "npm:@jsr/std__assert@^1.0.16",
            "npm:@opentelemetry/api@^1.9.0"
          ]
        }
      },
      "pkg/@eser/parsing": {
        "dependencies": [
          "jsr:@std/assert@^1.0.16"
        ],
        "packageJson": {
          "dependencies": [
            "npm:@jsr/std__assert@^1.0.16"
          ]
        }
      },
      "pkg/@eser/shell": {
        "dependencies": [
          "jsr:@std/cli@^1.0.25",
          "jsr:@std/path@^1.1.4"
        ],
        "packageJson": {
          "dependencies": [
            "npm:@jsr/std__assert@^1.0.16",
            "npm:@jsr/std__cli@^1.0.25"
          ]
        }
      },
      "pkg/@eser/standards": {
        "dependencies": [
          "jsr:@std/assert@^1.0.16",
          "jsr:@std/path@^1.1.4",
          "jsr:@std/semver@^1.0.7"
        ],
        "packageJson": {
          "dependencies": [
            "npm:@jsr/std__assert@^1.0.16",
            "npm:@jsr/std__path@^1.1.4",
            "npm:@jsr/std__semver@^1.0.7"
          ]
        }
      },
      "pkg/@eser/testing": {
        "dependencies": [
          "jsr:@std/assert@^1.0.16"
        ],
        "packageJson": {
          "dependencies": [
            "npm:@jsr/std__assert@^1.0.16"
          ]
        }
      },
      "pkg/@eser/writer": {
        "dependencies": [
          "jsr:@std/assert@^1.0.16",
          "jsr:@std/csv@^1.0.6",
          "jsr:@std/testing@^1.0.16",
          "jsr:@std/toml@^1.0.11",
          "jsr:@std/yaml@^1.0.10"
        ],
        "packageJson": {
          "dependencies": [
            "npm:@jsr/std__assert@^1.0.16",
            "npm:@jsr/std__csv@^1.0.6",
            "npm:@jsr/std__testing@^1.0.16",
            "npm:@jsr/std__toml@^1.0.11",
            "npm:@jsr/std__yaml@^1.0.10"
          ]
        }
      },
      "test/apps/jsx-runtime-app": {
        "packageJson": {
          "dependencies": [
            "npm:@jsr/std__assert@^1.0.16",
            "npm:@jsr/std__testing@^1.0.16",
            "npm:@types/react@^19.2.7"
          ]
        }
      }
    }
  }
}
