{
  "version": "5",
  "specifiers": {
    "npm:@jsr/eser__laroux-react@^4.0.43": "4.0.43",
    "npm:@jsr/eser__laroux-server@^4.0.43": "4.0.43_react@19.2.3",
    "npm:@jsr/eser__laroux@^4.0.43": "4.0.43",
    "npm:@jsr/eser__logging@^4.0.43": "4.0.43",
    "npm:@types/react@^19.2.7": "19.2.7",
    "npm:react-dom@^19.2.3": "19.2.3_react@19.2.3",
    "npm:react@^19.2.3": "19.2.3",
    "npm:tailwindcss@^4.1.18": "4.1.18"
  },
  "npm": {
    "@emnapi/core@1.8.1": {
      "integrity": "sha512-AvT9QFpxK0Zd8J0jopedNm+w/2fIzvtPKPjqyw9jwvBaReTTqPBk9Hixaz7KbjimP+QNz605/XnjFcDAL2pqBg==",
      "dependencies": [
        "@emnapi/wasi-threads",
        "tslib"
      ]
    },
    "@emnapi/runtime@1.8.1": {
      "integrity": "sha512-mehfKSMWjjNol8659Z8KxEMrdSJDDot5SXMq00dM8BN4o+CLNXQ0xH2V7EchNHV4RmbZLmmPdEaXZc5H2FXmDg==",
      "dependencies": [
        "tslib"
      ]
    },
    "@emnapi/wasi-threads@1.1.0": {
      "integrity": "sha512-WI0DdZ8xFSbgMjR1sFsKABJ/C5OnRrjT06JXbZKexJGrDuPTzZdDYfFlsgcCXCyf+suG5QU2e/y1Wo2V/OapLQ==",
      "dependencies": [
        "tslib"
      ]
    },
    "@img/sharp-darwin-arm64@0.33.5": {
      "integrity": "sha512-UT4p+iz/2H4twwAoLCqfA9UH5pI6DggwKEGuaPy7nCVQ8ZsiY5PIcrRvD1DzuY3qYL07NtIQcWnBSY/heikIFQ==",
      "optionalDependencies": [
        "@img/sharp-libvips-darwin-arm64"
      ],
      "os": ["darwin"],
      "cpu": ["arm64"]
    },
    "@img/sharp-darwin-x64@0.33.5": {
      "integrity": "sha512-fyHac4jIc1ANYGRDxtiqelIbdWkIuQaI84Mv45KvGRRxSAa7o7d1ZKAOBaYbnepLC1WqxfpimdeWfvqqSGwR2Q==",
      "optionalDependencies": [
        "@img/sharp-libvips-darwin-x64"
      ],
      "os": ["darwin"],
      "cpu": ["x64"]
    },
    "@img/sharp-libvips-darwin-arm64@1.0.4": {
      "integrity": "sha512-XblONe153h0O2zuFfTAbQYAX2JhYmDHeWikp1LM9Hul9gVPjFY427k6dFEcOL72O01QxQsWi761svJ/ev9xEDg==",
      "os": ["darwin"],
      "cpu": ["arm64"]
    },
    "@img/sharp-libvips-darwin-x64@1.0.4": {
      "integrity": "sha512-xnGR8YuZYfJGmWPvmlunFaWJsb9T/AO2ykoP3Fz/0X5XV2aoYBPkX6xqCQvUTKKiLddarLaxpzNe+b1hjeWHAQ==",
      "os": ["darwin"],
      "cpu": ["x64"]
    },
    "@img/sharp-libvips-linux-arm64@1.0.4": {
      "integrity": "sha512-9B+taZ8DlyyqzZQnoeIvDVR/2F4EbMepXMc/NdVbkzsJbzkUjhXv/70GQJ7tdLA4YJgNP25zukcxpX2/SueNrA==",
      "os": ["linux"],
      "cpu": ["arm64"]
    },
    "@img/sharp-libvips-linux-arm@1.0.5": {
      "integrity": "sha512-gvcC4ACAOPRNATg/ov8/MnbxFDJqf/pDePbBnuBDcjsI8PssmjoKMAz4LtLaVi+OnSb5FK/yIOamqDwGmXW32g==",
      "os": ["linux"],
      "cpu": ["arm"]
    },
    "@img/sharp-libvips-linux-s390x@1.0.4": {
      "integrity": "sha512-u7Wz6ntiSSgGSGcjZ55im6uvTrOxSIS8/dgoVMoiGE9I6JAfU50yH5BoDlYA1tcuGS7g/QNtetJnxA6QEsCVTA==",
      "os": ["linux"],
      "cpu": ["s390x"]
    },
    "@img/sharp-libvips-linux-x64@1.0.4": {
      "integrity": "sha512-MmWmQ3iPFZr0Iev+BAgVMb3ZyC4KeFc3jFxnNbEPas60e1cIfevbtuyf9nDGIzOaW9PdnDciJm+wFFaTlj5xYw==",
      "os": ["linux"],
      "cpu": ["x64"]
    },
    "@img/sharp-libvips-linuxmusl-arm64@1.0.4": {
      "integrity": "sha512-9Ti+BbTYDcsbp4wfYib8Ctm1ilkugkA/uscUn6UXK1ldpC1JjiXbLfFZtRlBhjPZ5o1NCLiDbg8fhUPKStHoTA==",
      "os": ["linux"],
      "cpu": ["arm64"]
    },
    "@img/sharp-libvips-linuxmusl-x64@1.0.4": {
      "integrity": "sha512-viYN1KX9m+/hGkJtvYYp+CCLgnJXwiQB39damAO7WMdKWlIhmYTfHjwSbQeUK/20vY154mwezd9HflVFM1wVSw==",
      "os": ["linux"],
      "cpu": ["x64"]
    },
    "@img/sharp-linux-arm64@0.33.5": {
      "integrity": "sha512-JMVv+AMRyGOHtO1RFBiJy/MBsgz0x4AWrT6QoEVVTyh1E39TrCUpTRI7mx9VksGX4awWASxqCYLCV4wBZHAYxA==",
      "optionalDependencies": [
        "@img/sharp-libvips-linux-arm64"
      ],
      "os": ["linux"],
      "cpu": ["arm64"]
    },
    "@img/sharp-linux-arm@0.33.5": {
      "integrity": "sha512-JTS1eldqZbJxjvKaAkxhZmBqPRGmxgu+qFKSInv8moZ2AmT5Yib3EQ1c6gp493HvrvV8QgdOXdyaIBrhvFhBMQ==",
      "optionalDependencies": [
        "@img/sharp-libvips-linux-arm"
      ],
      "os": ["linux"],
      "cpu": ["arm"]
    },
    "@img/sharp-linux-s390x@0.33.5": {
      "integrity": "sha512-y/5PCd+mP4CA/sPDKl2961b+C9d+vPAveS33s6Z3zfASk2j5upL6fXVPZi7ztePZ5CuH+1kW8JtvxgbuXHRa4Q==",
      "optionalDependencies": [
        "@img/sharp-libvips-linux-s390x"
      ],
      "os": ["linux"],
      "cpu": ["s390x"]
    },
    "@img/sharp-linux-x64@0.33.5": {
      "integrity": "sha512-opC+Ok5pRNAzuvq1AG0ar+1owsu842/Ab+4qvU879ippJBHvyY5n2mxF1izXqkPYlGuP/M556uh53jRLJmzTWA==",
      "optionalDependencies": [
        "@img/sharp-libvips-linux-x64"
      ],
      "os": ["linux"],
      "cpu": ["x64"]
    },
    "@img/sharp-linuxmusl-arm64@0.33.5": {
      "integrity": "sha512-XrHMZwGQGvJg2V/oRSUfSAfjfPxO+4DkiRh6p2AFjLQztWUuY/o8Mq0eMQVIY7HJ1CDQUJlxGGZRw1a5bqmd1g==",
      "optionalDependencies": [
        "@img/sharp-libvips-linuxmusl-arm64"
      ],
      "os": ["linux"],
      "cpu": ["arm64"]
    },
    "@img/sharp-linuxmusl-x64@0.33.5": {
      "integrity": "sha512-WT+d/cgqKkkKySYmqoZ8y3pxx7lx9vVejxW/W4DOFMYVSkErR+w7mf2u8m/y4+xHe7yY9DAXQMWQhpnMuFfScw==",
      "optionalDependencies": [
        "@img/sharp-libvips-linuxmusl-x64"
      ],
      "os": ["linux"],
      "cpu": ["x64"]
    },
    "@img/sharp-wasm32@0.33.5": {
      "integrity": "sha512-ykUW4LVGaMcU9lu9thv85CbRMAwfeadCJHRsg2GmeRa/cJxsVY9Rbd57JcMxBkKHag5U/x7TSBpScF4U8ElVzg==",
      "dependencies": [
        "@emnapi/runtime"
      ],
      "cpu": ["wasm32"]
    },
    "@img/sharp-win32-ia32@0.33.5": {
      "integrity": "sha512-T36PblLaTwuVJ/zw/LaH0PdZkRz5rd3SmMHX8GSmR7vtNSP5Z6bQkExdSK7xGWyxLw4sUknBuugTelgw2faBbQ==",
      "os": ["win32"],
      "cpu": ["ia32"]
    },
    "@img/sharp-win32-x64@0.33.5": {
      "integrity": "sha512-MpY/o8/8kj+EcnxwvrP4aTJSWw/aZ7JIGR4aBeZkZw5B7/Jn+tY9/VNwtcoGmdT7GfggGIU4kygOMSbYnOrAbg==",
      "os": ["win32"],
      "cpu": ["x64"]
    },
    "@jridgewell/gen-mapping@0.3.13": {
      "integrity": "sha512-2kkt/7niJ6MgEPxF0bYdQ6etZaA+fQvDcLKckhy1yIQOzaoKjBBjSj63/aLVjYE3qhRt5dvM+uUyfCg6UKCBbA==",
      "dependencies": [
        "@jridgewell/sourcemap-codec",
        "@jridgewell/trace-mapping"
      ]
    },
    "@jridgewell/remapping@2.3.5": {
      "integrity": "sha512-LI9u/+laYG4Ds1TDKSJW2YPrIlcVYOwi2fUC6xB43lueCjgxV4lffOCZCtYFiH6TNOX+tQKXx97T4IKHbhyHEQ==",
      "dependencies": [
        "@jridgewell/gen-mapping",
        "@jridgewell/trace-mapping"
      ]
    },
    "@jridgewell/resolve-uri@3.1.2": {
      "integrity": "sha512-bRISgCIjP20/tbWSPWMEi54QVPRZExkuD9lJL+UIxUKtwVJA8wW1Trb1jMs1RFXo1CBTNZ/5hpC9QvmKWdopKw=="
    },
    "@jridgewell/sourcemap-codec@1.5.5": {
      "integrity": "sha512-cYQ9310grqxueWbl+WuIUIaiUaDcj7WOq5fVhEljNVgRfOUhY9fy2zTvfoqWsnebh8Sl70VScFbICvJnLKB0Og=="
    },
    "@jridgewell/trace-mapping@0.3.31": {
      "integrity": "sha512-zzNR+SdQSDJzc8joaeP8QQoCQr8NuYx2dIIytl1QeBEZHJ9uW6hebsrYgbz8hJwUQao3TWCMtmfV8Nu1twOLAw==",
      "dependencies": [
        "@jridgewell/resolve-uri",
        "@jridgewell/sourcemap-codec"
      ]
    },
    "@jsr/eser__bundler@4.0.43": {
      "integrity": "sha512-9u8gTw4fPLOwVGuN2d2wqzVo1aXl5T2zoYfhsT3VzcozqBqMz46cOSwHEwggwDxHAdPX0ho3Psrd3zL6HNXX/g==",
      "dependencies": [
        "@jsr/eser__logging",
        "@jsr/eser__standards",
        "@jsr/std__encoding",
        "@jsr/std__fmt",
        "@jsr/std__fs",
        "@tailwindcss/node",
        "@tailwindcss/oxide",
        "lightningcss",
        "rolldown"
      ],
      "tarball": "https://npm.jsr.io/~/11/@jsr/eser__bundler/4.0.43.tgz"
    },
    "@jsr/eser__codebase@4.0.43": {
      "integrity": "sha512-AswXIKKwijAAAzlML/Uc+Y0Ch5J+o/oQqgGIuUECTnf3HyA8ZJD32AjI7PU+CL9Cgc7RIkeN9xd1a835oGpfEQ==",
      "dependencies": [
        "@jsr/eser__config",
        "@jsr/eser__fp",
        "@jsr/eser__functions",
        "@jsr/eser__shell",
        "@jsr/eser__standards",
        "@jsr/std__cli",
        "@jsr/std__fmt",
        "@jsr/std__fs",
        "@jsr/std__path",
        "@jsr/std__semver",
        "@jsr/std__tar",
        "@jsr/std__yaml"
      ],
      "tarball": "https://npm.jsr.io/~/11/@jsr/eser__codebase/4.0.43.tgz"
    },
    "@jsr/eser__collector@4.0.43": {
      "integrity": "sha512-2gyn0bqiAb0Kb+JCl5gpCQnMWJHCFCHTCcXmHFAfPlLu0lNpd3xCKrbXbPKO+aF3+YT2mBOh/Qm1sjfrdFQ5Ew==",
      "dependencies": [
        "@jsr/eser__logging",
        "@jsr/eser__shell",
        "@jsr/eser__standards",
        "@jsr/std__fs",
        "@jsr/std__path"
      ],
      "tarball": "https://npm.jsr.io/~/11/@jsr/eser__collector/4.0.43.tgz"
    },
    "@jsr/eser__config@4.0.43": {
      "integrity": "sha512-Pdsk3QyMwKgkjwTdQlM+xFPF1FnMKFKjvIOkSBDLvn+fgt+oKlabBYtpFB87K7hrfhi7FPLyRByp54S5rmuDGw==",
      "dependencies": [
        "@jsr/eser__primitives",
        "@jsr/eser__standards",
        "@jsr/std__dotenv",
        "@jsr/std__jsonc",
        "@jsr/std__toml",
        "@jsr/std__yaml"
      ],
      "tarball": "https://npm.jsr.io/~/11/@jsr/eser__config/4.0.43.tgz"
    },
    "@jsr/eser__fp@4.0.43": {
      "integrity": "sha512-Yhc6paRVKPMwWPW3nHCg/CiLdW9xqpRWFyEkxApzF6tHCAOxFjgeNzTTpAUWsyAo9mrS7wrs7Un9+3CeZZKQRg==",
      "dependencies": [
        "@jsr/eser__primitives"
      ],
      "tarball": "https://npm.jsr.io/~/11/@jsr/eser__fp/4.0.43.tgz"
    },
    "@jsr/eser__functions@4.0.43": {
      "integrity": "sha512-xYwvv68A07JwfkDpa6jgIjm/gY5RPG2xtPwf2wRxCzpq1eg5jvF/5Zn4DFu9UYmrdTCk4HhflEQrDyVjMz6JeQ==",
      "tarball": "https://npm.jsr.io/~/11/@jsr/eser__functions/4.0.43.tgz"
    },
    "@jsr/eser__http@4.0.43": {
      "integrity": "sha512-Xm3JRKVIcmPzqgC7NIg77LXRGsrb94X22tuwCTpKL1e+7yldESbi03TpjYepMo+sjSTAhiVFkPE6p9cz8a980g==",
      "tarball": "https://npm.jsr.io/~/11/@jsr/eser__http/4.0.43.tgz"
    },
    "@jsr/eser__laroux-bundler@4.0.43": {
      "integrity": "sha512-iZH87J0lJWc9DpnxgQLj8pPaQFfCNbGmjBGM28pcHGbQ99+wdsMx/yfgrbXfOUKS1GW3r2TNyxvdxS7PTuR2Hg==",
      "dependencies": [
        "@jsr/eser__bundler",
        "@jsr/eser__codebase",
        "@jsr/eser__collector",
        "@jsr/eser__laroux",
        "@jsr/eser__logging",
        "@jsr/eser__standards",
        "@jsr/std__fs",
        "@jsr/std__ulid",
        "@tailwindcss/oxide",
        "lightningcss",
        "sharp",
        "tailwindcss"
      ],
      "tarball": "https://npm.jsr.io/~/11/@jsr/eser__laroux-bundler/4.0.43.tgz"
    },
    "@jsr/eser__laroux-react@4.0.43": {
      "integrity": "sha512-hCwF3k0bAra8k7Q4SqxuzwUiHTpK5RfWFogaIv2IrYuDCKTD0yNyVUUQtkFbZuAk54OuRc4F0L/5GCaKm6k1Sw==",
      "dependencies": [
        "@jsr/eser__laroux",
        "@jsr/eser__laroux-bundler",
        "@jsr/eser__logging",
        "react"
      ],
      "tarball": "https://npm.jsr.io/~/11/@jsr/eser__laroux-react/4.0.43.tgz"
    },
    "@jsr/eser__laroux-server@4.0.43_react@19.2.3": {
      "integrity": "sha512-HSECu8JPow6Kx8EmFpwYj5of6n7fy89PHQtWG1mRCg+3LjmcwfoV8ibw3GIfkCFz0LzFGNdWkJc3VTSUz4/ODA==",
      "dependencies": [
        "@jsr/eser__fp",
        "@jsr/eser__http",
        "@jsr/eser__laroux",
        "@jsr/eser__laroux-bundler",
        "@jsr/eser__laroux-react",
        "@jsr/eser__logging",
        "@jsr/eser__standards",
        "@jsr/std__media-types",
        "@jsr/std__path",
        "react",
        "react-dom"
      ],
      "tarball": "https://npm.jsr.io/~/11/@jsr/eser__laroux-server/4.0.43.tgz"
    },
    "@jsr/eser__laroux@4.0.43": {
      "integrity": "sha512-d1La1W1+c9QoD4ZTRKTaJ8ZOMfUqqITgBHKuISPj1FiAi1eSAdxsv3ydsHHNj2HWpdjC0grrGhmFtxsiwjptOg==",
      "dependencies": [
        "@jsr/eser__standards"
      ],
      "tarball": "https://npm.jsr.io/~/11/@jsr/eser__laroux/4.0.43.tgz"
    },
    "@jsr/eser__logging@4.0.43": {
      "integrity": "sha512-/ODXhpfFUTqNUsl+PBPmQMxn6uXaEa9odRf5K2BXEuT+WgVp6MIDeQhW7PBp6DtiW1EDKnEf1zdXlHleLdN4ag==",
      "dependencies": [
        "@jsr/eser__primitives",
        "@jsr/eser__standards",
        "@opentelemetry/api"
      ],
      "tarball": "https://npm.jsr.io/~/11/@jsr/eser__logging/4.0.43.tgz"
    },
    "@jsr/eser__primitives@4.0.43": {
      "integrity": "sha512-+td+2RtZnWYwIq56itfLa8CvEjZeUyCbfkh+C1qXuIUKltc9fWvDU/63pZ0c03LGba8u/Jgi6UiYRR++ZmMT7w==",
      "tarball": "https://npm.jsr.io/~/11/@jsr/eser__primitives/4.0.43.tgz"
    },
    "@jsr/eser__shell@4.0.43": {
      "integrity": "sha512-/BiAj+Gcq5knmSn4mk/13NoutrXP7Ve/I/X/DkSh1GD6sXvkY2lKa5qtPkVKAhpe8gQOl56KH3OygGizwRbugQ==",
      "dependencies": [
        "@jsr/eser__functions",
        "@jsr/eser__standards",
        "@jsr/std__cli"
      ],
      "tarball": "https://npm.jsr.io/~/11/@jsr/eser__shell/4.0.43.tgz"
    },
    "@jsr/eser__standards@4.0.43": {
      "integrity": "sha512-mms6ActFa+twrLVVlR3EtuzVXzvNF2taRk35luvAryt38LV6ZRClqUyD/fZ2NT5KBdu9vGCV+eTUfVZTgCofAg==",
      "dependencies": [
        "@jsr/eser__primitives",
        "@jsr/std__path",
        "@jsr/std__semver"
      ],
      "tarball": "https://npm.jsr.io/~/11/@jsr/eser__standards/4.0.43.tgz"
    },
    "@jsr/std__bytes@1.0.6": {
      "integrity": "sha512-St6yKggjFGhxS52IFLJWvkchRFbAKg2Xh8UxA4S1EGz7GJ2Ui+ssDDldj/w2c8vCxvl6qgR0HaYbKeFJNqujmA==",
      "tarball": "https://npm.jsr.io/~/11/@jsr/std__bytes/1.0.6.tgz"
    },
    "@jsr/std__cli@1.0.25": {
      "integrity": "sha512-2t7VjuQJ/tgs8DvmBjqAd1Tcdr1Zf30tqp3QW37R4eZEm17NCKFg1SLquotV+sdnWqkALneR4WTdX3pwWhdf+w==",
      "dependencies": [
        "@jsr/std__internal"
      ],
      "tarball": "https://npm.jsr.io/~/11/@jsr/std__cli/1.0.25.tgz"
    },
    "@jsr/std__collections@1.1.3": {
      "integrity": "sha512-jGG6mv3IjOyxm6PyT1YVbLyAlZL+Gow6LOpBw+84qb1nkdJY0+t6bi7ICEqAwUz87cNjBS0P+yZQ5HHclJhsfw==",
      "tarball": "https://npm.jsr.io/~/11/@jsr/std__collections/1.1.3.tgz"
    },
    "@jsr/std__dotenv@0.225.6": {
      "integrity": "sha512-rqh5RrHccbyzmP4v1/vqUyYy4dqopjTRgW8bJqk2ZXTKBbvpmMjPxJ+xy+YAk6XnEvtPCPAgqbFhHWcomjnX+w==",
      "tarball": "https://npm.jsr.io/~/11/@jsr/std__dotenv/0.225.6.tgz"
    },
    "@jsr/std__encoding@1.0.10": {
      "integrity": "sha512-WK2njnDTyKefroRNk2Ooq7GStp6Y0ccAvr4To+Z/zecRAGe7+OSvH9DbiaHpAKwEi2KQbmpWMOYsdNt+TsdmSw==",
      "tarball": "https://npm.jsr.io/~/11/@jsr/std__encoding/1.0.10.tgz"
    },
    "@jsr/std__fmt@1.0.8": {
      "integrity": "sha512-miZHzj9OgjuajrcMKzpqNVwFb9O71UHZzV/FHVq0E0Uwmv/1JqXgmXAoBNPrn+MP0fHT3mMgaZ6XvQO7dam67Q==",
      "tarball": "https://npm.jsr.io/~/11/@jsr/std__fmt/1.0.8.tgz"
    },
    "@jsr/std__fs@1.0.21": {
      "integrity": "sha512-k/agrcKGm6KD89ci3AEyRmu3wRWf9JZNliOF4ZUxagTHiySmxjiKU3Lk+d2ksRtwEi7oWlLGS0AVM9Lciwc/xg==",
      "dependencies": [
        "@jsr/std__internal",
        "@jsr/std__path"
      ],
      "tarball": "https://npm.jsr.io/~/11/@jsr/std__fs/1.0.21.tgz"
    },
    "@jsr/std__internal@1.0.12": {
      "integrity": "sha512-6xReMW9p+paJgqoFRpOE2nogJFvzPfaLHLIlyADYjKMUcwDyjKZxryIbgcU+gxiTygn8yCjld1HoI0ET4/iZeA==",
      "tarball": "https://npm.jsr.io/~/11/@jsr/std__internal/1.0.12.tgz"
    },
    "@jsr/std__json@1.0.2": {
      "integrity": "sha512-6d7R77+6NBf/OwA/8pT6uI3UkME+nkdertGjB7ni4J+2izuDu8AjbUH9aRvj8XqU3LQsqqsIRD4a3DvprMQDWA==",
      "dependencies": [
        "@jsr/std__streams"
      ],
      "tarball": "https://npm.jsr.io/~/11/@jsr/std__json/1.0.2.tgz"
    },
    "@jsr/std__jsonc@1.0.2": {
      "integrity": "sha512-Lva9lY0UPvvgmS8INUHU8Tqijq2SPfdlnSAvofOYUBiB6ALPxo0rTMznRlY5Wt30nMW+rhMTha1x5RGpMBKUoQ==",
      "dependencies": [
        "@jsr/std__json"
      ],
      "tarball": "https://npm.jsr.io/~/11/@jsr/std__jsonc/1.0.2.tgz"
    },
    "@jsr/std__media-types@1.1.0": {
      "integrity": "sha512-dHvaxHL7ENWnltgL653uo3KnKFse3ZbopZop2gqsT7yrscx7irZEClu5Cba7gMPPRk4Lg1FbriNcaBViM2RSBw==",
      "tarball": "https://npm.jsr.io/~/11/@jsr/std__media-types/1.1.0.tgz"
    },
    "@jsr/std__path@1.1.4": {
      "integrity": "sha512-SK4u9H6NVTfolhPdlvdYXfNFefy1W04AEHWJydryYbk+xqzNiVmr5o7TLJLJFqwHXuwMRhwrn+mcYeUfS0YFaA==",
      "dependencies": [
        "@jsr/std__internal"
      ],
      "tarball": "https://npm.jsr.io/~/11/@jsr/std__path/1.1.4.tgz"
    },
    "@jsr/std__semver@1.0.7": {
      "integrity": "sha512-/WpDSNegE6lI50L1+VnItLkuuQlZK8e8QbxrjV1sH+3YqiH+sQ/Tx3yYvewkKVVSwcidQUlqSIHSPrhay1zLCg==",
      "tarball": "https://npm.jsr.io/~/11/@jsr/std__semver/1.0.7.tgz"
    },
    "@jsr/std__streams@1.0.16": {
      "integrity": "sha512-8vQHEDIpAr5m9upZEcF1UO2ylZCJsOs5mlsXaJNehQmSm8Iiz/XaKtb73Fh6fj8Ybc2jNw2zyi9CLfqd3Ph6mA==",
      "dependencies": [
        "@jsr/std__bytes"
      ],
      "tarball": "https://npm.jsr.io/~/11/@jsr/std__streams/1.0.16.tgz"
    },
    "@jsr/std__tar@0.1.9": {
      "integrity": "sha512-xqGl8vhdXnuCrJD/9cQfY3R8BnkvR3sQnZWncMnK799cWpA3Z84l9Y9qwEmeMud0FYHSb2xJZXoqAeWaVxHbVg==",
      "dependencies": [
        "@jsr/std__streams"
      ],
      "tarball": "https://npm.jsr.io/~/11/@jsr/std__tar/0.1.9.tgz"
    },
    "@jsr/std__toml@1.0.11": {
      "integrity": "sha512-+LZAizoPAPwMDmRZr86/xPrbO8E0Oq0BJ70mr1fNMobJ/6X6v15Jk16ZClFGukWgzBMd8ggiMWnzp24+N3VNZg==",
      "dependencies": [
        "@jsr/std__collections"
      ],
      "tarball": "https://npm.jsr.io/~/11/@jsr/std__toml/1.0.11.tgz"
    },
    "@jsr/std__ulid@1.0.0": {
      "integrity": "sha512-RvVolUwRoFtoSuYZROBmhCYEIuI4xsxeHjGGbJQZVDCBnDBJwfm16vOJyE1Va9+BnTl1iW7o1nCloBI+EQAWVg==",
      "tarball": "https://npm.jsr.io/~/11/@jsr/std__ulid/1.0.0.tgz"
    },
    "@jsr/std__yaml@1.0.10": {
      "integrity": "sha512-1WIM023Kvi48pvPE3UO5YcieambLgywUooLhAkkaObIcMB77F/YP2ILdl+vNfik+vElkl9znmuST9AZo8mbCpA==",
      "tarball": "https://npm.jsr.io/~/11/@jsr/std__yaml/1.0.10.tgz"
    },
    "@napi-rs/wasm-runtime@1.1.1": {
      "integrity": "sha512-p64ah1M1ld8xjWv3qbvFwHiFVWrq1yFvV4f7w+mzaqiR4IlSgkqhcRdHwsGgomwzBH51sRY4NEowLxnaBjcW/A==",
      "dependencies": [
        "@emnapi/core",
        "@emnapi/runtime",
        "@tybys/wasm-util"
      ]
    },
    "@opentelemetry/api@1.9.0": {
      "integrity": "sha512-3giAOQvZiH5F9bMlMiv8+GSPMeqg0dbaeo58/0SlA9sxSqZhnUtxzX9/2FzyhS9sWQf5S0GJE0AKBrFqjpeYcg=="
    },
    "@oxc-project/types@0.107.0": {
      "integrity": "sha512-QFDRbYfV2LVx8tyqtyiah3jQPUj1mK2+RYwxyFWyGoys6XJnwTdlzO6rdNNHOPorHAu5Uo34oWRKcvNpbJarmQ=="
    },
    "@rolldown/binding-android-arm64@1.0.0-beta.59": {
      "integrity": "sha512-6yLLgyswYwiCfls9+hoNFY9F8TQdwo15hpXDHzlAR0X/GojeKF+AuNcXjYNbOJ4zjl/5D6lliE8CbpB5t1OWIQ==",
      "os": ["android"],
      "cpu": ["arm64"]
    },
    "@rolldown/binding-darwin-arm64@1.0.0-beta.59": {
      "integrity": "sha512-hqGXRc162qCCIOAcHN2Cw4eXiVTwYsMFLOhAy1IG2CxY+dwc/l4Ga+dLPkLor3Ikqy5WDn+7kxHbbh6EmshEpQ==",
      "os": ["darwin"],
      "cpu": ["arm64"]
    },
    "@rolldown/binding-darwin-x64@1.0.0-beta.59": {
      "integrity": "sha512-ezvvGuhteE15JmMhJW0wS7BaXmhwLy1YHeEwievYaPC1PgGD86wgBKfOpHr9tSKllAXbCe0BeeMvasscWLhKdA==",
      "os": ["darwin"],
      "cpu": ["x64"]
    },
    "@rolldown/binding-freebsd-x64@1.0.0-beta.59": {
      "integrity": "sha512-4fhKVJiEYVd5n6no/mrL3LZ9kByfCGwmONOrdtvx8DJGDQhehH/q3RfhG3V/4jGKhpXgbDjpIjkkFdybCTcgew==",
      "os": ["freebsd"],
      "cpu": ["x64"]
    },
    "@rolldown/binding-linux-arm-gnueabihf@1.0.0-beta.59": {
      "integrity": "sha512-T3Y52sW6JAhvIqArBw+wtjNU1Ieaz4g0NBxyjSJoW971nZJBZygNlSYx78G4cwkCmo1dYTciTPDOnQygLV23pA==",
      "os": ["linux"],
      "cpu": ["arm"]
    },
    "@rolldown/binding-linux-arm64-gnu@1.0.0-beta.59": {
      "integrity": "sha512-NIW40jQDSQap2KDdmm9z3B/4OzWJ6trf8dwx3FD74kcQb3v34ThsBFTtzE5KjDuxnxgUlV+DkAu+XgSMKrgufw==",
      "os": ["linux"],
      "cpu": ["arm64"]
    },
    "@rolldown/binding-linux-arm64-musl@1.0.0-beta.59": {
      "integrity": "sha512-CCKEk+H+8c0WGe/8n1E20n85Tq4Pv+HNAbjP1KfUXW+01aCWSMjU56ChNrM2tvHnXicfm7QRNoZyfY8cWh7jLQ==",
      "os": ["linux"],
      "cpu": ["arm64"]
    },
    "@rolldown/binding-linux-x64-gnu@1.0.0-beta.59": {
      "integrity": "sha512-VlfwJ/HCskPmQi8R0JuAFndySKVFX7yPhE658o27cjSDWWbXVtGkSbwaxstii7Q+3Rz87ZXN+HLnb1kd4R9Img==",
      "os": ["linux"],
      "cpu": ["x64"]
    },
    "@rolldown/binding-linux-x64-musl@1.0.0-beta.59": {
      "integrity": "sha512-kuO92hTRyGy0Ts3Nsqll0rfO8eFsEJe9dGQGktkQnZ2hrJrDVN0y419dMgKy/gB2S2o7F2dpWhpfQOBehZPwVA==",
      "os": ["linux"],
      "cpu": ["x64"]
    },
    "@rolldown/binding-openharmony-arm64@1.0.0-beta.59": {
      "integrity": "sha512-PXAebvNL4sYfCqi8LdY4qyFRacrRoiPZLo3NoUmiTxm7MPtYYR8CNtBGNokqDmMuZIQIecRaD/jbmFAIDz7DxQ==",
      "os": ["openharmony"],
      "cpu": ["arm64"]
    },
    "@rolldown/binding-wasm32-wasi@1.0.0-beta.59": {
      "integrity": "sha512-yJoklQg7XIZq8nAg0bbkEXcDK6sfpjxQGxpg2Nd6ERNtvg+eOaEBRgPww0BVTrYFQzje1pB5qPwC2VnJHT3koQ==",
      "dependencies": [
        "@napi-rs/wasm-runtime"
      ],
      "cpu": ["wasm32"]
    },
    "@rolldown/binding-win32-arm64-msvc@1.0.0-beta.59": {
      "integrity": "sha512-ljZ4+McmCbIuZwEBaoGtiG8Rq2nJjaXEnLEIx+usWetXn1ECjXY0LAhkELxOV6ytv4ensEmoJJ8nXg47hRMjlw==",
      "os": ["win32"],
      "cpu": ["arm64"]
    },
    "@rolldown/binding-win32-x64-msvc@1.0.0-beta.59": {
      "integrity": "sha512-bMY4tTIwbdZljW+xe/ln1hvs0SRitahQSXfWtvgAtIzgSX9Ar7KqJzU7lRm33YTRFIHLULRi53yNjw9nJGd6uQ==",
      "os": ["win32"],
      "cpu": ["x64"]
    },
    "@rolldown/pluginutils@1.0.0-beta.59": {
      "integrity": "sha512-aoh6LAJRyhtazs98ydgpNOYstxUlsOV1KJXcpf/0c0vFcUA8uyd/hwKRhqE/AAPNqAho9RliGsvitCoOzREoVA=="
    },
    "@tailwindcss/node@4.1.18": {
      "integrity": "sha512-DoR7U1P7iYhw16qJ49fgXUlry1t4CpXeErJHnQ44JgTSKMaZUdf17cfn5mHchfJ4KRBZRFA/Coo+MUF5+gOaCQ==",
      "dependencies": [
        "@jridgewell/remapping",
        "enhanced-resolve",
        "jiti",
        "lightningcss",
        "magic-string",
        "source-map-js",
        "tailwindcss"
      ]
    },
    "@tailwindcss/oxide-android-arm64@4.1.18": {
      "integrity": "sha512-dJHz7+Ugr9U/diKJA0W6N/6/cjI+ZTAoxPf9Iz9BFRF2GzEX8IvXxFIi/dZBloVJX/MZGvRuFA9rqwdiIEZQ0Q==",
      "os": ["android"],
      "cpu": ["arm64"]
    },
    "@tailwindcss/oxide-darwin-arm64@4.1.18": {
      "integrity": "sha512-Gc2q4Qhs660bhjyBSKgq6BYvwDz4G+BuyJ5H1xfhmDR3D8HnHCmT/BSkvSL0vQLy/nkMLY20PQ2OoYMO15Jd0A==",
      "os": ["darwin"],
      "cpu": ["arm64"]
    },
    "@tailwindcss/oxide-darwin-x64@4.1.18": {
      "integrity": "sha512-FL5oxr2xQsFrc3X9o1fjHKBYBMD1QZNyc1Xzw/h5Qu4XnEBi3dZn96HcHm41c/euGV+GRiXFfh2hUCyKi/e+yw==",
      "os": ["darwin"],
      "cpu": ["x64"]
    },
    "@tailwindcss/oxide-freebsd-x64@4.1.18": {
      "integrity": "sha512-Fj+RHgu5bDodmV1dM9yAxlfJwkkWvLiRjbhuO2LEtwtlYlBgiAT4x/j5wQr1tC3SANAgD+0YcmWVrj8R9trVMA==",
      "os": ["freebsd"],
      "cpu": ["x64"]
    },
    "@tailwindcss/oxide-linux-arm-gnueabihf@4.1.18": {
      "integrity": "sha512-Fp+Wzk/Ws4dZn+LV2Nqx3IilnhH51YZoRaYHQsVq3RQvEl+71VGKFpkfHrLM/Li+kt5c0DJe/bHXK1eHgDmdiA==",
      "os": ["linux"],
      "cpu": ["arm"]
    },
    "@tailwindcss/oxide-linux-arm64-gnu@4.1.18": {
      "integrity": "sha512-S0n3jboLysNbh55Vrt7pk9wgpyTTPD0fdQeh7wQfMqLPM/Hrxi+dVsLsPrycQjGKEQk85Kgbx+6+QnYNiHalnw==",
      "os": ["linux"],
      "cpu": ["arm64"]
    },
    "@tailwindcss/oxide-linux-arm64-musl@4.1.18": {
      "integrity": "sha512-1px92582HkPQlaaCkdRcio71p8bc8i/ap5807tPRDK/uw953cauQBT8c5tVGkOwrHMfc2Yh6UuxaH4vtTjGvHg==",
      "os": ["linux"],
      "cpu": ["arm64"]
    },
    "@tailwindcss/oxide-linux-x64-gnu@4.1.18": {
      "integrity": "sha512-v3gyT0ivkfBLoZGF9LyHmts0Isc8jHZyVcbzio6Wpzifg/+5ZJpDiRiUhDLkcr7f/r38SWNe7ucxmGW3j3Kb/g==",
      "os": ["linux"],
      "cpu": ["x64"]
    },
    "@tailwindcss/oxide-linux-x64-musl@4.1.18": {
      "integrity": "sha512-bhJ2y2OQNlcRwwgOAGMY0xTFStt4/wyU6pvI6LSuZpRgKQwxTec0/3Scu91O8ir7qCR3AuepQKLU/kX99FouqQ==",
      "os": ["linux"],
      "cpu": ["x64"]
    },
    "@tailwindcss/oxide-wasm32-wasi@4.1.18": {
      "integrity": "sha512-LffYTvPjODiP6PT16oNeUQJzNVyJl1cjIebq/rWWBF+3eDst5JGEFSc5cWxyRCJ0Mxl+KyIkqRxk1XPEs9x8TA==",
      "cpu": ["wasm32"]
    },
    "@tailwindcss/oxide-win32-arm64-msvc@4.1.18": {
      "integrity": "sha512-HjSA7mr9HmC8fu6bdsZvZ+dhjyGCLdotjVOgLA2vEqxEBZaQo9YTX4kwgEvPCpRh8o4uWc4J/wEoFzhEmjvPbA==",
      "os": ["win32"],
      "cpu": ["arm64"]
    },
    "@tailwindcss/oxide-win32-x64-msvc@4.1.18": {
      "integrity": "sha512-bJWbyYpUlqamC8dpR7pfjA0I7vdF6t5VpUGMWRkXVE3AXgIZjYUYAK7II1GNaxR8J1SSrSrppRar8G++JekE3Q==",
      "os": ["win32"],
      "cpu": ["x64"]
    },
    "@tailwindcss/oxide@4.1.18": {
      "integrity": "sha512-EgCR5tTS5bUSKQgzeMClT6iCY3ToqE1y+ZB0AKldj809QXk1Y+3jB0upOYZrn9aGIzPtUsP7sX4QQ4XtjBB95A==",
      "optionalDependencies": [
        "@tailwindcss/oxide-android-arm64",
        "@tailwindcss/oxide-darwin-arm64",
        "@tailwindcss/oxide-darwin-x64",
        "@tailwindcss/oxide-freebsd-x64",
        "@tailwindcss/oxide-linux-arm-gnueabihf",
        "@tailwindcss/oxide-linux-arm64-gnu",
        "@tailwindcss/oxide-linux-arm64-musl",
        "@tailwindcss/oxide-linux-x64-gnu",
        "@tailwindcss/oxide-linux-x64-musl",
        "@tailwindcss/oxide-wasm32-wasi",
        "@tailwindcss/oxide-win32-arm64-msvc",
        "@tailwindcss/oxide-win32-x64-msvc"
      ]
    },
    "@tybys/wasm-util@0.10.1": {
      "integrity": "sha512-9tTaPJLSiejZKx+Bmog4uSubteqTvFrVrURwkmHixBo0G4seD0zUxp98E1DzUBJxLQ3NPwXrGKDiVjwx/DpPsg==",
      "dependencies": [
        "tslib"
      ]
    },
    "@types/react@19.2.7": {
      "integrity": "sha512-MWtvHrGZLFttgeEj28VXHxpmwYbor/ATPYbBfSFZEIRK0ecCFLl2Qo55z52Hss+UV9CRN7trSeq1zbgx7YDWWg==",
      "dependencies": [
        "csstype"
      ]
    },
    "color-convert@2.0.1": {
      "integrity": "sha512-RRECPsj7iu/xb5oKYcsFHSppFNnsj/52OVTRKb4zP5onXwVF3zVmmToNcOfGC+CRDpfK/U584fMg38ZHCaElKQ==",
      "dependencies": [
        "color-name"
      ]
    },
    "color-name@1.1.4": {
      "integrity": "sha512-dOy+3AuW3a2wNbZHIuMZpTcgjGuLU/uBL/ubcZF9OXbDo8ff4O8yVp5Bf0efS8uEoYo5q4Fx7dY9OgQGXgAsQA=="
    },
    "color-string@1.9.1": {
      "integrity": "sha512-shrVawQFojnZv6xM40anx4CkoDP+fZsw/ZerEMsW/pyzsRbElpsL/DBVW7q3ExxwusdNXI3lXpuhEZkzs8p5Eg==",
      "dependencies": [
        "color-name",
        "simple-swizzle"
      ]
    },
    "color@4.2.3": {
      "integrity": "sha512-1rXeuUUiGGrykh+CeBdu5Ie7OJwinCgQY0bc7GCRxy5xVHy+moaqkpL/jqQq0MtQOeYcrqEz4abc5f0KtU7W4A==",
      "dependencies": [
        "color-convert",
        "color-string"
      ]
    },
    "csstype@3.2.3": {
      "integrity": "sha512-z1HGKcYy2xA8AGQfwrn0PAy+PB7X/GSj3UVJW9qKyn43xWa+gl5nXmU4qqLMRzWVLFC8KusUX8T/0kCiOYpAIQ=="
    },
    "detect-libc@2.1.2": {
      "integrity": "sha512-Btj2BOOO83o3WyH59e8MgXsxEQVcarkUOpEYrubB0urwnN10yQ364rsiByU11nZlqWYZm05i/of7io4mzihBtQ=="
    },
    "enhanced-resolve@5.18.4": {
      "integrity": "sha512-LgQMM4WXU3QI+SYgEc2liRgznaD5ojbmY3sb8LxyguVkIg5FxdpTkvk72te2R38/TGKxH634oLxXRGY6d7AP+Q==",
      "dependencies": [
        "graceful-fs",
        "tapable"
      ]
    },
    "graceful-fs@4.2.11": {
      "integrity": "sha512-RbJ5/jmFcNNCcDV5o9eTnBLJ/HszWV0P73bc+Ff4nS/rJj+YaS6IGyiOL0VoBYX+l1Wrl3k63h/KrH+nhJ0XvQ=="
    },
    "is-arrayish@0.3.4": {
      "integrity": "sha512-m6UrgzFVUYawGBh1dUsWR5M2Clqic9RVXC/9f8ceNlv2IcO9j9J/z8UoCLPqtsPBFNzEpfR3xftohbfqDx8EQA=="
    },
    "jiti@2.6.1": {
      "integrity": "sha512-ekilCSN1jwRvIbgeg/57YFh8qQDNbwDb9xT/qu2DAHbFFZUicIl4ygVaAvzveMhMVr3LnpSKTNnwt8PoOfmKhQ==",
      "bin": true
    },
    "lightningcss-android-arm64@1.30.2": {
      "integrity": "sha512-BH9sEdOCahSgmkVhBLeU7Hc9DWeZ1Eb6wNS6Da8igvUwAe0sqROHddIlvU06q3WyXVEOYDZ6ykBZQnjTbmo4+A==",
      "os": ["android"],
      "cpu": ["arm64"]
    },
    "lightningcss-darwin-arm64@1.30.2": {
      "integrity": "sha512-ylTcDJBN3Hp21TdhRT5zBOIi73P6/W0qwvlFEk22fkdXchtNTOU4Qc37SkzV+EKYxLouZ6M4LG9NfZ1qkhhBWA==",
      "os": ["darwin"],
      "cpu": ["arm64"]
    },
    "lightningcss-darwin-x64@1.30.2": {
      "integrity": "sha512-oBZgKchomuDYxr7ilwLcyms6BCyLn0z8J0+ZZmfpjwg9fRVZIR5/GMXd7r9RH94iDhld3UmSjBM6nXWM2TfZTQ==",
      "os": ["darwin"],
      "cpu": ["x64"]
    },
    "lightningcss-freebsd-x64@1.30.2": {
      "integrity": "sha512-c2bH6xTrf4BDpK8MoGG4Bd6zAMZDAXS569UxCAGcA7IKbHNMlhGQ89eRmvpIUGfKWNVdbhSbkQaWhEoMGmGslA==",
      "os": ["freebsd"],
      "cpu": ["x64"]
    },
    "lightningcss-linux-arm-gnueabihf@1.30.2": {
      "integrity": "sha512-eVdpxh4wYcm0PofJIZVuYuLiqBIakQ9uFZmipf6LF/HRj5Bgm0eb3qL/mr1smyXIS1twwOxNWndd8z0E374hiA==",
      "os": ["linux"],
      "cpu": ["arm"]
    },
    "lightningcss-linux-arm64-gnu@1.30.2": {
      "integrity": "sha512-UK65WJAbwIJbiBFXpxrbTNArtfuznvxAJw4Q2ZGlU8kPeDIWEX1dg3rn2veBVUylA2Ezg89ktszWbaQnxD/e3A==",
      "os": ["linux"],
      "cpu": ["arm64"]
    },
    "lightningcss-linux-arm64-musl@1.30.2": {
      "integrity": "sha512-5Vh9dGeblpTxWHpOx8iauV02popZDsCYMPIgiuw97OJ5uaDsL86cnqSFs5LZkG3ghHoX5isLgWzMs+eD1YzrnA==",
      "os": ["linux"],
      "cpu": ["arm64"]
    },
    "lightningcss-linux-x64-gnu@1.30.2": {
      "integrity": "sha512-Cfd46gdmj1vQ+lR6VRTTadNHu6ALuw2pKR9lYq4FnhvgBc4zWY1EtZcAc6EffShbb1MFrIPfLDXD6Xprbnni4w==",
      "os": ["linux"],
      "cpu": ["x64"]
    },
    "lightningcss-linux-x64-musl@1.30.2": {
      "integrity": "sha512-XJaLUUFXb6/QG2lGIW6aIk6jKdtjtcffUT0NKvIqhSBY3hh9Ch+1LCeH80dR9q9LBjG3ewbDjnumefsLsP6aiA==",
      "os": ["linux"],
      "cpu": ["x64"]
    },
    "lightningcss-win32-arm64-msvc@1.30.2": {
      "integrity": "sha512-FZn+vaj7zLv//D/192WFFVA0RgHawIcHqLX9xuWiQt7P0PtdFEVaxgF9rjM/IRYHQXNnk61/H/gb2Ei+kUQ4xQ==",
      "os": ["win32"],
      "cpu": ["arm64"]
    },
    "lightningcss-win32-x64-msvc@1.30.2": {
      "integrity": "sha512-5g1yc73p+iAkid5phb4oVFMB45417DkRevRbt/El/gKXJk4jid+vPFF/AXbxn05Aky8PapwzZrdJShv5C0avjw==",
      "os": ["win32"],
      "cpu": ["x64"]
    },
    "lightningcss@1.30.2": {
      "integrity": "sha512-utfs7Pr5uJyyvDETitgsaqSyjCb2qNRAtuqUeWIAKztsOYdcACf2KtARYXg2pSvhkt+9NfoaNY7fxjl6nuMjIQ==",
      "dependencies": [
        "detect-libc"
      ],
      "optionalDependencies": [
        "lightningcss-android-arm64",
        "lightningcss-darwin-arm64",
        "lightningcss-darwin-x64",
        "lightningcss-freebsd-x64",
        "lightningcss-linux-arm-gnueabihf",
        "lightningcss-linux-arm64-gnu",
        "lightningcss-linux-arm64-musl",
        "lightningcss-linux-x64-gnu",
        "lightningcss-linux-x64-musl",
        "lightningcss-win32-arm64-msvc",
        "lightningcss-win32-x64-msvc"
      ]
    },
    "magic-string@0.30.21": {
      "integrity": "sha512-vd2F4YUyEXKGcLHoq+TEyCjxueSeHnFxyyjNp80yg0XV4vUhnDer/lvvlqM/arB5bXQN5K2/3oinyCRyx8T2CQ==",
      "dependencies": [
        "@jridgewell/sourcemap-codec"
      ]
    },
    "react-dom@19.2.3_react@19.2.3": {
      "integrity": "sha512-yELu4WmLPw5Mr/lmeEpox5rw3RETacE++JgHqQzd2dg+YbJuat3jH4ingc+WPZhxaoFzdv9y33G+F7Nl5O0GBg==",
      "dependencies": [
        "react",
        "scheduler"
      ]
    },
    "react@19.2.3": {
      "integrity": "sha512-Ku/hhYbVjOQnXDZFv2+RibmLFGwFdeeKHFcOTlrt7xplBnya5OGn/hIRDsqDiSUcfORsDC7MPxwork8jBwsIWA=="
    },
    "rolldown@1.0.0-beta.59": {
      "integrity": "sha512-Slm000Gd8/AO9z4Kxl4r8mp/iakrbAuJ1L+7ddpkNxgQ+Vf37WPvY63l3oeyZcfuPD1DRrUYBsRPIXSOhvOsmw==",
      "dependencies": [
        "@oxc-project/types",
        "@rolldown/pluginutils"
      ],
      "optionalDependencies": [
        "@rolldown/binding-android-arm64",
        "@rolldown/binding-darwin-arm64",
        "@rolldown/binding-darwin-x64",
        "@rolldown/binding-freebsd-x64",
        "@rolldown/binding-linux-arm-gnueabihf",
        "@rolldown/binding-linux-arm64-gnu",
        "@rolldown/binding-linux-arm64-musl",
        "@rolldown/binding-linux-x64-gnu",
        "@rolldown/binding-linux-x64-musl",
        "@rolldown/binding-openharmony-arm64",
        "@rolldown/binding-wasm32-wasi",
        "@rolldown/binding-win32-arm64-msvc",
        "@rolldown/binding-win32-x64-msvc"
      ],
      "bin": true
    },
    "scheduler@0.27.0": {
      "integrity": "sha512-eNv+WrVbKu1f3vbYJT/xtiF5syA5HPIMtf9IgY/nKg0sWqzAUEvqY/xm7OcZc/qafLx/iO9FgOmeSAp4v5ti/Q=="
    },
    "semver@7.7.3": {
      "integrity": "sha512-SdsKMrI9TdgjdweUSR9MweHA4EJ8YxHn8DFaDisvhVlUOe4BF1tLD7GAj0lIqWVl+dPb/rExr0Btby5loQm20Q==",
      "bin": true
    },
    "sharp@0.33.5": {
      "integrity": "sha512-haPVm1EkS9pgvHrQ/F3Xy+hgcuMV0Wm9vfIBSiwZ05k+xgb0PkBQpGsAA/oWdDobNaZTH5ppvHtzCFbnSEwHVw==",
      "dependencies": [
        "color",
        "detect-libc",
        "semver"
      ],
      "optionalDependencies": [
        "@img/sharp-darwin-arm64",
        "@img/sharp-darwin-x64",
        "@img/sharp-libvips-darwin-arm64",
        "@img/sharp-libvips-darwin-x64",
        "@img/sharp-libvips-linux-arm",
        "@img/sharp-libvips-linux-arm64",
        "@img/sharp-libvips-linux-s390x",
        "@img/sharp-libvips-linux-x64",
        "@img/sharp-libvips-linuxmusl-arm64",
        "@img/sharp-libvips-linuxmusl-x64",
        "@img/sharp-linux-arm",
        "@img/sharp-linux-arm64",
        "@img/sharp-linux-s390x",
        "@img/sharp-linux-x64",
        "@img/sharp-linuxmusl-arm64",
        "@img/sharp-linuxmusl-x64",
        "@img/sharp-wasm32",
        "@img/sharp-win32-ia32",
        "@img/sharp-win32-x64"
      ],
      "scripts": true
    },
    "simple-swizzle@0.2.4": {
      "integrity": "sha512-nAu1WFPQSMNr2Zn9PGSZK9AGn4t/y97lEm+MXTtUDwfP0ksAIX4nO+6ruD9Jwut4C49SB1Ws+fbXsm/yScWOHw==",
      "dependencies": [
        "is-arrayish"
      ]
    },
    "source-map-js@1.2.1": {
      "integrity": "sha512-UXWMKhLOwVKb728IUtQPXxfYU+usdybtUrK/8uGE8CQMvrhOpwvzDBwj0QhSL7MQc7vIsISBG8VQ8+IDQxpfQA=="
    },
    "tailwindcss@4.1.18": {
      "integrity": "sha512-4+Z+0yiYyEtUVCScyfHCxOYP06L5Ne+JiHhY2IjR2KWMIWhJOYZKLSGZaP5HkZ8+bY0cxfzwDE5uOmzFXyIwxw=="
    },
    "tapable@2.3.0": {
      "integrity": "sha512-g9ljZiwki/LfxmQADO3dEY1CbpmXT5Hm2fJ+QaGKwSXUylMybePR7/67YW7jOrrvjEgL1Fmz5kzyAjWVWLlucg=="
    },
    "tslib@2.8.1": {
      "integrity": "sha512-oJFu94HQb+KVduSUQL7wnpmqnfmLsOA/nAh6b6EH0wCEoK0/mPeXU6c3wKDV83MkOuHPRHtSXKKU99IBazS/2w=="
    }
  },
  "workspace": {
    "packageJson": {
      "dependencies": [
        "npm:@jsr/eser__laroux-react@^4.0.43",
        "npm:@jsr/eser__laroux-server@^4.0.43",
        "npm:@jsr/eser__laroux@^4.0.43",
        "npm:@jsr/eser__logging@^4.0.43",
        "npm:@types/react@^19.2.7",
        "npm:react-dom@^19.2.3",
        "npm:react@^19.2.3",
        "npm:tailwindcss@^4.1.18"
      ]
    }
  }
}
